// !$*UTF8*$!
{
	archiveVersion = 1;
	classes = {
	};
	objectVersion = 46;
	objects = {

/* Begin PBXBuildFile section */
		843E01BF16B2418F00287441 /* MessageUI.framework in Frameworks */ = {isa = PBXBuildFile; fileRef = 843E01BE16B2418F00287441 /* MessageUI.framework */; };
		846B78BB16B26A4D0021AAA2 /* AddressBook.framework in Frameworks */ = {isa = PBXBuildFile; fileRef = 846B78BA16B26A4D0021AAA2 /* AddressBook.framework */; };
		84901BB216B77AA100F0D4D6 /* MAAppDimensions.m in Sources */ = {isa = PBXBuildFile; fileRef = 84901BB116B77AA100F0D4D6 /* MAAppDimensions.m */; };
		8491929C16B654A8003B148C /* MAPerson.m in Sources */ = {isa = PBXBuildFile; fileRef = 8491929A16B654A8003B148C /* MAPerson.m */; };
		849192A016B654BC003B148C /* AMDownloader.m in Sources */ = {isa = PBXBuildFile; fileRef = 8491929F16B654BC003B148C /* AMDownloader.m */; };
		849192AB16B654CF003B148C /* MACustomNavigationViewController.m in Sources */ = {isa = PBXBuildFile; fileRef = 849192A216B654CF003B148C /* MACustomNavigationViewController.m */; };
		849192AC16B654CF003B148C /* MACustomTabBarViewController.m in Sources */ = {isa = PBXBuildFile; fileRef = 849192A416B654CF003B148C /* MACustomTabBarViewController.m */; };
		849192AE16B654CF003B148C /* MAStaffsViewController.m in Sources */ = {isa = PBXBuildFile; fileRef = 849192A816B654CF003B148C /* MAStaffsViewController.m */; };
		849192AF16B654CF003B148C /* MAWebViewController.m in Sources */ = {isa = PBXBuildFile; fileRef = 849192AA16B654CF003B148C /* MAWebViewController.m */; };
		849192B516B6550B003B148C /* UIScrollView+SVInfiniteScrolling.m in Sources */ = {isa = PBXBuildFile; fileRef = 849192B216B6550B003B148C /* UIScrollView+SVInfiniteScrolling.m */; };
		849192B616B6550B003B148C /* UIScrollView+SVPullToRefresh.m in Sources */ = {isa = PBXBuildFile; fileRef = 849192B416B6550B003B148C /* UIScrollView+SVPullToRefresh.m */; };
		849192B916B65513003B148C /* JSONKit.m in Sources */ = {isa = PBXBuildFile; fileRef = 849192B816B65513003B148C /* JSONKit.m */; settings = {COMPILER_FLAGS = "-fno-objc-arc"; }; };
		849192CD16B65523003B148C /* AFHTTPClient.m in Sources */ = {isa = PBXBuildFile; fileRef = 849192BB16B65523003B148C /* AFHTTPClient.m */; };
		849192CE16B65523003B148C /* AFHTTPRequestOperation.m in Sources */ = {isa = PBXBuildFile; fileRef = 849192BD16B65523003B148C /* AFHTTPRequestOperation.m */; };
		849192CF16B65523003B148C /* AFImageRequestOperation.m in Sources */ = {isa = PBXBuildFile; fileRef = 849192BF16B65523003B148C /* AFImageRequestOperation.m */; };
		849192D016B65523003B148C /* AFJSONRequestOperation.m in Sources */ = {isa = PBXBuildFile; fileRef = 849192C116B65523003B148C /* AFJSONRequestOperation.m */; };
		849192D116B65523003B148C /* AFNetworkActivityIndicatorManager.m in Sources */ = {isa = PBXBuildFile; fileRef = 849192C316B65523003B148C /* AFNetworkActivityIndicatorManager.m */; };
		849192D216B65523003B148C /* AFPropertyListRequestOperation.m in Sources */ = {isa = PBXBuildFile; fileRef = 849192C616B65523003B148C /* AFPropertyListRequestOperation.m */; };
		849192D316B65523003B148C /* AFURLConnectionOperation.m in Sources */ = {isa = PBXBuildFile; fileRef = 849192C816B65523003B148C /* AFURLConnectionOperation.m */; };
		849192D416B65523003B148C /* AFXMLRequestOperation.m in Sources */ = {isa = PBXBuildFile; fileRef = 849192CA16B65523003B148C /* AFXMLRequestOperation.m */; };
		849192D516B65523003B148C /* UIImageView+AFNetworking.m in Sources */ = {isa = PBXBuildFile; fileRef = 849192CC16B65523003B148C /* UIImageView+AFNetworking.m */; };
		849192DF16B6554D003B148C /* MACustomNavigationBar.m in Sources */ = {isa = PBXBuildFile; fileRef = 849192D716B6554D003B148C /* MACustomNavigationBar.m */; };
		849192E016B6554D003B148C /* MACustomTabBar.m in Sources */ = {isa = PBXBuildFile; fileRef = 849192D916B6554D003B148C /* MACustomTabBar.m */; };
		849192E116B6554D003B148C /* MACustomTabBar.xib in Resources */ = {isa = PBXBuildFile; fileRef = 849192DA16B6554D003B148C /* MACustomTabBar.xib */; };
		849192E216B6554D003B148C /* MAStaffDetailsCell.m in Sources */ = {isa = PBXBuildFile; fileRef = 849192DC16B6554D003B148C /* MAStaffDetailsCell.m */; };
		849192E316B6554D003B148C /* MAStaffsTableViewCell.m in Sources */ = {isa = PBXBuildFile; fileRef = 849192DE16B6554D003B148C /* MAStaffsTableViewCell.m */; };
		8491932816B65879003B148C /* icon_add_contact.png in Resources */ = {isa = PBXBuildFile; fileRef = 8491931C16B65879003B148C /* icon_add_contact.png */; };
		8491932916B65879003B148C /* icon_add_contact@2x.png in Resources */ = {isa = PBXBuildFile; fileRef = 8491931D16B65879003B148C /* icon_add_contact@2x.png */; };
		8491932A16B65879003B148C /* icon_back.png in Resources */ = {isa = PBXBuildFile; fileRef = 8491931E16B65879003B148C /* icon_back.png */; };
		8491932B16B65879003B148C /* icon_back@2x.png in Resources */ = {isa = PBXBuildFile; fileRef = 8491931F16B65879003B148C /* icon_back@2x.png */; };
		8491932C16B65879003B148C /* icon_dislike.png in Resources */ = {isa = PBXBuildFile; fileRef = 8491932016B65879003B148C /* icon_dislike.png */; };
		8491932D16B65879003B148C /* icon_dislike@2x.png in Resources */ = {isa = PBXBuildFile; fileRef = 8491932116B65879003B148C /* icon_dislike@2x.png */; };
		8491932E16B65879003B148C /* icon_email.png in Resources */ = {isa = PBXBuildFile; fileRef = 8491932216B65879003B148C /* icon_email.png */; };
		8491932F16B65879003B148C /* icon_email@2x.png in Resources */ = {isa = PBXBuildFile; fileRef = 8491932316B65879003B148C /* icon_email@2x.png */; };
		8491933016B65879003B148C /* icon_like.png in Resources */ = {isa = PBXBuildFile; fileRef = 8491932416B65879003B148C /* icon_like.png */; };
		8491933116B65879003B148C /* icon_like@2x.png in Resources */ = {isa = PBXBuildFile; fileRef = 8491932516B65879003B148C /* icon_like@2x.png */; };
		8491933216B65879003B148C /* icon_sms.png in Resources */ = {isa = PBXBuildFile; fileRef = 8491932616B65879003B148C /* icon_sms.png */; };
		8491933316B65879003B148C /* icon_sms@2x.png in Resources */ = {isa = PBXBuildFile; fileRef = 8491932716B65879003B148C /* icon_sms@2x.png */; };
		8491934316B65886003B148C /* icon_contacts_selected.png in Resources */ = {isa = PBXBuildFile; fileRef = 8491933416B65886003B148C /* icon_contacts_selected.png */; };
		8491934416B65886003B148C /* icon_contacts_selected@2x.png in Resources */ = {isa = PBXBuildFile; fileRef = 8491933516B65886003B148C /* icon_contacts_selected@2x.png */; };
		8491934516B65886003B148C /* icon_contacts.png in Resources */ = {isa = PBXBuildFile; fileRef = 8491933616B65886003B148C /* icon_contacts.png */; };
		8491934616B65886003B148C /* icon_contacts@2x.png in Resources */ = {isa = PBXBuildFile; fileRef = 8491933716B65886003B148C /* icon_contacts@2x.png */; };
		8491934716B65886003B148C /* icon_info_selected.png in Resources */ = {isa = PBXBuildFile; fileRef = 8491933816B65886003B148C /* icon_info_selected.png */; };
		8491934816B65886003B148C /* icon_info_selected@2x.png in Resources */ = {isa = PBXBuildFile; fileRef = 8491933916B65886003B148C /* icon_info_selected@2x.png */; };
		8491934916B65886003B148C /* icon_info.png in Resources */ = {isa = PBXBuildFile; fileRef = 8491933A16B65886003B148C /* icon_info.png */; };
		8491934A16B65886003B148C /* icon_info@2x.png in Resources */ = {isa = PBXBuildFile; fileRef = 8491933B16B65886003B148C /* icon_info@2x.png */; };
		8491934B16B65886003B148C /* icon_profile.png in Resources */ = {isa = PBXBuildFile; fileRef = 8491933C16B65886003B148C /* icon_profile.png */; };
		8491934C16B65886003B148C /* icon_profile@2x.png in Resources */ = {isa = PBXBuildFile; fileRef = 8491933D16B65886003B148C /* icon_profile@2x.png */; };
		8491934D16B65886003B148C /* icon_star.png in Resources */ = {isa = PBXBuildFile; fileRef = 8491933E16B65886003B148C /* icon_star.png */; };
		8491934E16B65886003B148C /* icon_star@2x.png in Resources */ = {isa = PBXBuildFile; fileRef = 8491933F16B65886003B148C /* icon_star@2x.png */; };
		8491934F16B65886003B148C /* love.png in Resources */ = {isa = PBXBuildFile; fileRef = 8491934016B65886003B148C /* love.png */; };
		8491935016B65886003B148C /* middle_button.png in Resources */ = {isa = PBXBuildFile; fileRef = 8491934116B65886003B148C /* middle_button.png */; };
		8491935116B65886003B148C /* middle_button@2x.png in Resources */ = {isa = PBXBuildFile; fileRef = 8491934216B65886003B148C /* middle_button@2x.png */; };
		84D9B80616B7B5F100074299 /* MAStaffDetailsController.m in Sources */ = {isa = PBXBuildFile; fileRef = 84D9B80516B7B5F100074299 /* MAStaffDetailsController.m */; };
		84DE9EAE16AE8BF4006C1D57 /* QuartzCore.framework in Frameworks */ = {isa = PBXBuildFile; fileRef = 84DE9EAD16AE8BF3006C1D57 /* QuartzCore.framework */; };
		84E4D88816ACEDA0008568D0 /* UIKit.framework in Frameworks */ = {isa = PBXBuildFile; fileRef = 84E4D88716ACEDA0008568D0 /* UIKit.framework */; };
		84E4D88A16ACEDA0008568D0 /* Foundation.framework in Frameworks */ = {isa = PBXBuildFile; fileRef = 84E4D88916ACEDA0008568D0 /* Foundation.framework */; };
		84E4D88C16ACEDA0008568D0 /* CoreGraphics.framework in Frameworks */ = {isa = PBXBuildFile; fileRef = 84E4D88B16ACEDA0008568D0 /* CoreGraphics.framework */; };
		84E4D89216ACEDA0008568D0 /* InfoPlist.strings in Resources */ = {isa = PBXBuildFile; fileRef = 84E4D89016ACEDA0008568D0 /* InfoPlist.strings */; };
		84E4D89416ACEDA0008568D0 /* main.m in Sources */ = {isa = PBXBuildFile; fileRef = 84E4D89316ACEDA0008568D0 /* main.m */; };
		84E4D89816ACEDA0008568D0 /* MAAppDelegate.m in Sources */ = {isa = PBXBuildFile; fileRef = 84E4D89716ACEDA0008568D0 /* MAAppDelegate.m */; };
		84E4D89A16ACEDA0008568D0 /* Default.png in Resources */ = {isa = PBXBuildFile; fileRef = 84E4D89916ACEDA0008568D0 /* Default.png */; };
		84E4D89C16ACEDA0008568D0 /* Default@2x.png in Resources */ = {isa = PBXBuildFile; fileRef = 84E4D89B16ACEDA0008568D0 /* Default@2x.png */; };
		84E4D89E16ACEDA0008568D0 /* Default-568h@2x.png in Resources */ = {isa = PBXBuildFile; fileRef = 84E4D89D16ACEDA0008568D0 /* Default-568h@2x.png */; };
		84E4D8A116ACEDA0008568D0 /* MainStoryboard_iPhone.storyboard in Resources */ = {isa = PBXBuildFile; fileRef = 84E4D89F16ACEDA0008568D0 /* MainStoryboard_iPhone.storyboard */; };
		84E4D8A416ACEDA0008568D0 /* MainStoryboard_iPad.storyboard in Resources */ = {isa = PBXBuildFile; fileRef = 84E4D8A216ACEDA0008568D0 /* MainStoryboard_iPad.storyboard */; };
/* End PBXBuildFile section */

/* Begin PBXFileReference section */
		843E01BE16B2418F00287441 /* MessageUI.framework */ = {isa = PBXFileReference; lastKnownFileType = wrapper.framework; name = MessageUI.framework; path = System/Library/Frameworks/MessageUI.framework; sourceTree = SDKROOT; };
		846B78BA16B26A4D0021AAA2 /* AddressBook.framework */ = {isa = PBXFileReference; lastKnownFileType = wrapper.framework; name = AddressBook.framework; path = System/Library/Frameworks/AddressBook.framework; sourceTree = SDKROOT; };
		84901BB016B77AA100F0D4D6 /* MAAppDimensions.h */ = {isa = PBXFileReference; fileEncoding = 4; lastKnownFileType = sourcecode.c.h; path = MAAppDimensions.h; sourceTree = "<group>"; };
		84901BB116B77AA100F0D4D6 /* MAAppDimensions.m */ = {isa = PBXFileReference; fileEncoding = 4; lastKnownFileType = sourcecode.c.objc; path = MAAppDimensions.m; sourceTree = "<group>"; };
		8491929916B654A8003B148C /* MAPerson.h */ = {isa = PBXFileReference; fileEncoding = 4; lastKnownFileType = sourcecode.c.h; name = MAPerson.h; path = Models/MAPerson.h; sourceTree = "<group>"; };
		8491929A16B654A8003B148C /* MAPerson.m */ = {isa = PBXFileReference; fileEncoding = 4; lastKnownFileType = sourcecode.c.objc; name = MAPerson.m; path = Models/MAPerson.m; sourceTree = "<group>"; };
		8491929E16B654BC003B148C /* AMDownloader.h */ = {isa = PBXFileReference; fileEncoding = 4; lastKnownFileType = sourcecode.c.h; name = AMDownloader.h; path = Managers/AMDownloader.h; sourceTree = "<group>"; };
		8491929F16B654BC003B148C /* AMDownloader.m */ = {isa = PBXFileReference; fileEncoding = 4; lastKnownFileType = sourcecode.c.objc; name = AMDownloader.m; path = Managers/AMDownloader.m; sourceTree = "<group>"; };
		849192A116B654CF003B148C /* MACustomNavigationViewController.h */ = {isa = PBXFileReference; fileEncoding = 4; lastKnownFileType = sourcecode.c.h; name = MACustomNavigationViewController.h; path = Controllers/MACustomNavigationViewController.h; sourceTree = "<group>"; };
		849192A216B654CF003B148C /* MACustomNavigationViewController.m */ = {isa = PBXFileReference; fileEncoding = 4; lastKnownFileType = sourcecode.c.objc; name = MACustomNavigationViewController.m; path = Controllers/MACustomNavigationViewController.m; sourceTree = "<group>"; };
		849192A316B654CF003B148C /* MACustomTabBarViewController.h */ = {isa = PBXFileReference; fileEncoding = 4; lastKnownFileType = sourcecode.c.h; name = MACustomTabBarViewController.h; path = Controllers/MACustomTabBarViewController.h; sourceTree = "<group>"; };
		849192A416B654CF003B148C /* MACustomTabBarViewController.m */ = {isa = PBXFileReference; fileEncoding = 4; lastKnownFileType = sourcecode.c.objc; name = MACustomTabBarViewController.m; path = Controllers/MACustomTabBarViewController.m; sourceTree = "<group>"; };
		849192A716B654CF003B148C /* MAStaffsViewController.h */ = {isa = PBXFileReference; fileEncoding = 4; lastKnownFileType = sourcecode.c.h; name = MAStaffsViewController.h; path = Controllers/MAStaffsViewController.h; sourceTree = "<group>"; };
		849192A816B654CF003B148C /* MAStaffsViewController.m */ = {isa = PBXFileReference; fileEncoding = 4; lastKnownFileType = sourcecode.c.objc; name = MAStaffsViewController.m; path = Controllers/MAStaffsViewController.m; sourceTree = "<group>"; };
		849192A916B654CF003B148C /* MAWebViewController.h */ = {isa = PBXFileReference; fileEncoding = 4; lastKnownFileType = sourcecode.c.h; name = MAWebViewController.h; path = Controllers/MAWebViewController.h; sourceTree = "<group>"; };
		849192AA16B654CF003B148C /* MAWebViewController.m */ = {isa = PBXFileReference; fileEncoding = 4; lastKnownFileType = sourcecode.c.objc; name = MAWebViewController.m; path = Controllers/MAWebViewController.m; sourceTree = "<group>"; };
		849192B016B6550B003B148C /* SVPullToRefresh.h */ = {isa = PBXFileReference; fileEncoding = 4; lastKnownFileType = sourcecode.c.h; name = SVPullToRefresh.h; path = Vendors/SVPullToRefresh/SVPullToRefresh.h; sourceTree = "<group>"; };
		849192B116B6550B003B148C /* UIScrollView+SVInfiniteScrolling.h */ = {isa = PBXFileReference; fileEncoding = 4; lastKnownFileType = sourcecode.c.h; name = "UIScrollView+SVInfiniteScrolling.h"; path = "Vendors/SVPullToRefresh/UIScrollView+SVInfiniteScrolling.h"; sourceTree = "<group>"; };
		849192B216B6550B003B148C /* UIScrollView+SVInfiniteScrolling.m */ = {isa = PBXFileReference; fileEncoding = 4; lastKnownFileType = sourcecode.c.objc; name = "UIScrollView+SVInfiniteScrolling.m"; path = "Vendors/SVPullToRefresh/UIScrollView+SVInfiniteScrolling.m"; sourceTree = "<group>"; };
		849192B316B6550B003B148C /* UIScrollView+SVPullToRefresh.h */ = {isa = PBXFileReference; fileEncoding = 4; lastKnownFileType = sourcecode.c.h; name = "UIScrollView+SVPullToRefresh.h"; path = "Vendors/SVPullToRefresh/UIScrollView+SVPullToRefresh.h"; sourceTree = "<group>"; };
		849192B416B6550B003B148C /* UIScrollView+SVPullToRefresh.m */ = {isa = PBXFileReference; fileEncoding = 4; lastKnownFileType = sourcecode.c.objc; name = "UIScrollView+SVPullToRefresh.m"; path = "Vendors/SVPullToRefresh/UIScrollView+SVPullToRefresh.m"; sourceTree = "<group>"; };
		849192B716B65513003B148C /* JSONKit.h */ = {isa = PBXFileReference; fileEncoding = 4; lastKnownFileType = sourcecode.c.h; name = JSONKit.h; path = Vendors/JSONKit/JSONKit.h; sourceTree = "<group>"; };
		849192B816B65513003B148C /* JSONKit.m */ = {isa = PBXFileReference; fileEncoding = 4; lastKnownFileType = sourcecode.c.objc; name = JSONKit.m; path = Vendors/JSONKit/JSONKit.m; sourceTree = "<group>"; };
		849192BA16B65523003B148C /* AFHTTPClient.h */ = {isa = PBXFileReference; fileEncoding = 4; lastKnownFileType = sourcecode.c.h; name = AFHTTPClient.h; path = Vendors/AFNetworking/AFHTTPClient.h; sourceTree = "<group>"; };
		849192BB16B65523003B148C /* AFHTTPClient.m */ = {isa = PBXFileReference; fileEncoding = 4; lastKnownFileType = sourcecode.c.objc; name = AFHTTPClient.m; path = Vendors/AFNetworking/AFHTTPClient.m; sourceTree = "<group>"; };
		849192BC16B65523003B148C /* AFHTTPRequestOperation.h */ = {isa = PBXFileReference; fileEncoding = 4; lastKnownFileType = sourcecode.c.h; name = AFHTTPRequestOperation.h; path = Vendors/AFNetworking/AFHTTPRequestOperation.h; sourceTree = "<group>"; };
		849192BD16B65523003B148C /* AFHTTPRequestOperation.m */ = {isa = PBXFileReference; fileEncoding = 4; lastKnownFileType = sourcecode.c.objc; name = AFHTTPRequestOperation.m; path = Vendors/AFNetworking/AFHTTPRequestOperation.m; sourceTree = "<group>"; };
		849192BE16B65523003B148C /* AFImageRequestOperation.h */ = {isa = PBXFileReference; fileEncoding = 4; lastKnownFileType = sourcecode.c.h; name = AFImageRequestOperation.h; path = Vendors/AFNetworking/AFImageRequestOperation.h; sourceTree = "<group>"; };
		849192BF16B65523003B148C /* AFImageRequestOperation.m */ = {isa = PBXFileReference; fileEncoding = 4; lastKnownFileType = sourcecode.c.objc; name = AFImageRequestOperation.m; path = Vendors/AFNetworking/AFImageRequestOperation.m; sourceTree = "<group>"; };
		849192C016B65523003B148C /* AFJSONRequestOperation.h */ = {isa = PBXFileReference; fileEncoding = 4; lastKnownFileType = sourcecode.c.h; name = AFJSONRequestOperation.h; path = Vendors/AFNetworking/AFJSONRequestOperation.h; sourceTree = "<group>"; };
		849192C116B65523003B148C /* AFJSONRequestOperation.m */ = {isa = PBXFileReference; fileEncoding = 4; lastKnownFileType = sourcecode.c.objc; name = AFJSONRequestOperation.m; path = Vendors/AFNetworking/AFJSONRequestOperation.m; sourceTree = "<group>"; };
		849192C216B65523003B148C /* AFNetworkActivityIndicatorManager.h */ = {isa = PBXFileReference; fileEncoding = 4; lastKnownFileType = sourcecode.c.h; name = AFNetworkActivityIndicatorManager.h; path = Vendors/AFNetworking/AFNetworkActivityIndicatorManager.h; sourceTree = "<group>"; };
		849192C316B65523003B148C /* AFNetworkActivityIndicatorManager.m */ = {isa = PBXFileReference; fileEncoding = 4; lastKnownFileType = sourcecode.c.objc; name = AFNetworkActivityIndicatorManager.m; path = Vendors/AFNetworking/AFNetworkActivityIndicatorManager.m; sourceTree = "<group>"; };
		849192C416B65523003B148C /* AFNetworking.h */ = {isa = PBXFileReference; fileEncoding = 4; lastKnownFileType = sourcecode.c.h; name = AFNetworking.h; path = Vendors/AFNetworking/AFNetworking.h; sourceTree = "<group>"; };
		849192C516B65523003B148C /* AFPropertyListRequestOperation.h */ = {isa = PBXFileReference; fileEncoding = 4; lastKnownFileType = sourcecode.c.h; name = AFPropertyListRequestOperation.h; path = Vendors/AFNetworking/AFPropertyListRequestOperation.h; sourceTree = "<group>"; };
		849192C616B65523003B148C /* AFPropertyListRequestOperation.m */ = {isa = PBXFileReference; fileEncoding = 4; lastKnownFileType = sourcecode.c.objc; name = AFPropertyListRequestOperation.m; path = Vendors/AFNetworking/AFPropertyListRequestOperation.m; sourceTree = "<group>"; };
		849192C716B65523003B148C /* AFURLConnectionOperation.h */ = {isa = PBXFileReference; fileEncoding = 4; lastKnownFileType = sourcecode.c.h; name = AFURLConnectionOperation.h; path = Vendors/AFNetworking/AFURLConnectionOperation.h; sourceTree = "<group>"; };
		849192C816B65523003B148C /* AFURLConnectionOperation.m */ = {isa = PBXFileReference; fileEncoding = 4; lastKnownFileType = sourcecode.c.objc; name = AFURLConnectionOperation.m; path = Vendors/AFNetworking/AFURLConnectionOperation.m; sourceTree = "<group>"; };
		849192C916B65523003B148C /* AFXMLRequestOperation.h */ = {isa = PBXFileReference; fileEncoding = 4; lastKnownFileType = sourcecode.c.h; name = AFXMLRequestOperation.h; path = Vendors/AFNetworking/AFXMLRequestOperation.h; sourceTree = "<group>"; };
		849192CA16B65523003B148C /* AFXMLRequestOperation.m */ = {isa = PBXFileReference; fileEncoding = 4; lastKnownFileType = sourcecode.c.objc; name = AFXMLRequestOperation.m; path = Vendors/AFNetworking/AFXMLRequestOperation.m; sourceTree = "<group>"; };
		849192CB16B65523003B148C /* UIImageView+AFNetworking.h */ = {isa = PBXFileReference; fileEncoding = 4; lastKnownFileType = sourcecode.c.h; name = "UIImageView+AFNetworking.h"; path = "Vendors/AFNetworking/UIImageView+AFNetworking.h"; sourceTree = "<group>"; };
		849192CC16B65523003B148C /* UIImageView+AFNetworking.m */ = {isa = PBXFileReference; fileEncoding = 4; lastKnownFileType = sourcecode.c.objc; name = "UIImageView+AFNetworking.m"; path = "Vendors/AFNetworking/UIImageView+AFNetworking.m"; sourceTree = "<group>"; };
		849192D616B6554D003B148C /* MACustomNavigationBar.h */ = {isa = PBXFileReference; fileEncoding = 4; lastKnownFileType = sourcecode.c.h; name = MACustomNavigationBar.h; path = Views/MACustomNavigationBar.h; sourceTree = "<group>"; };
		849192D716B6554D003B148C /* MACustomNavigationBar.m */ = {isa = PBXFileReference; fileEncoding = 4; lastKnownFileType = sourcecode.c.objc; name = MACustomNavigationBar.m; path = Views/MACustomNavigationBar.m; sourceTree = "<group>"; };
		849192D816B6554D003B148C /* MACustomTabBar.h */ = {isa = PBXFileReference; fileEncoding = 4; lastKnownFileType = sourcecode.c.h; name = MACustomTabBar.h; path = Views/MACustomTabBar.h; sourceTree = "<group>"; };
		849192D916B6554D003B148C /* MACustomTabBar.m */ = {isa = PBXFileReference; fileEncoding = 4; lastKnownFileType = sourcecode.c.objc; name = MACustomTabBar.m; path = Views/MACustomTabBar.m; sourceTree = "<group>"; };
		849192DA16B6554D003B148C /* MACustomTabBar.xib */ = {isa = PBXFileReference; fileEncoding = 4; lastKnownFileType = file.xib; name = MACustomTabBar.xib; path = Views/MACustomTabBar.xib; sourceTree = "<group>"; };
		849192DB16B6554D003B148C /* MAStaffDetailsCell.h */ = {isa = PBXFileReference; fileEncoding = 4; lastKnownFileType = sourcecode.c.h; name = MAStaffDetailsCell.h; path = Views/MAStaffDetailsCell.h; sourceTree = "<group>"; };
		849192DC16B6554D003B148C /* MAStaffDetailsCell.m */ = {isa = PBXFileReference; fileEncoding = 4; lastKnownFileType = sourcecode.c.objc; name = MAStaffDetailsCell.m; path = Views/MAStaffDetailsCell.m; sourceTree = "<group>"; };
		849192DD16B6554D003B148C /* MAStaffsTableViewCell.h */ = {isa = PBXFileReference; fileEncoding = 4; lastKnownFileType = sourcecode.c.h; name = MAStaffsTableViewCell.h; path = Views/MAStaffsTableViewCell.h; sourceTree = "<group>"; };
		849192DE16B6554D003B148C /* MAStaffsTableViewCell.m */ = {isa = PBXFileReference; fileEncoding = 4; lastKnownFileType = sourcecode.c.objc; name = MAStaffsTableViewCell.m; path = Views/MAStaffsTableViewCell.m; sourceTree = "<group>"; };
		8491931C16B65879003B148C /* icon_add_contact.png */ = {isa = PBXFileReference; lastKnownFileType = image.png; name = icon_add_contact.png; path = "Resources/Images/Staff details icons/icon_add_contact.png"; sourceTree = "<group>"; };
		8491931D16B65879003B148C /* icon_add_contact@2x.png */ = {isa = PBXFileReference; lastKnownFileType = image.png; name = "icon_add_contact@2x.png"; path = "Resources/Images/Staff details icons/icon_add_contact@2x.png"; sourceTree = "<group>"; };
		8491931E16B65879003B148C /* icon_back.png */ = {isa = PBXFileReference; lastKnownFileType = image.png; name = icon_back.png; path = "Resources/Images/Staff details icons/icon_back.png"; sourceTree = "<group>"; };
		8491931F16B65879003B148C /* icon_back@2x.png */ = {isa = PBXFileReference; lastKnownFileType = image.png; name = "icon_back@2x.png"; path = "Resources/Images/Staff details icons/icon_back@2x.png"; sourceTree = "<group>"; };
		8491932016B65879003B148C /* icon_dislike.png */ = {isa = PBXFileReference; lastKnownFileType = image.png; name = icon_dislike.png; path = "Resources/Images/Staff details icons/icon_dislike.png"; sourceTree = "<group>"; };
		8491932116B65879003B148C /* icon_dislike@2x.png */ = {isa = PBXFileReference; lastKnownFileType = image.png; name = "icon_dislike@2x.png"; path = "Resources/Images/Staff details icons/icon_dislike@2x.png"; sourceTree = "<group>"; };
		8491932216B65879003B148C /* icon_email.png */ = {isa = PBXFileReference; lastKnownFileType = image.png; name = icon_email.png; path = "Resources/Images/Staff details icons/icon_email.png"; sourceTree = "<group>"; };
		8491932316B65879003B148C /* icon_email@2x.png */ = {isa = PBXFileReference; lastKnownFileType = image.png; name = "icon_email@2x.png"; path = "Resources/Images/Staff details icons/icon_email@2x.png"; sourceTree = "<group>"; };
		8491932416B65879003B148C /* icon_like.png */ = {isa = PBXFileReference; lastKnownFileType = image.png; name = icon_like.png; path = "Resources/Images/Staff details icons/icon_like.png"; sourceTree = "<group>"; };
		8491932516B65879003B148C /* icon_like@2x.png */ = {isa = PBXFileReference; lastKnownFileType = image.png; name = "icon_like@2x.png"; path = "Resources/Images/Staff details icons/icon_like@2x.png"; sourceTree = "<group>"; };
		8491932616B65879003B148C /* icon_sms.png */ = {isa = PBXFileReference; lastKnownFileType = image.png; name = icon_sms.png; path = "Resources/Images/Staff details icons/icon_sms.png"; sourceTree = "<group>"; };
		8491932716B65879003B148C /* icon_sms@2x.png */ = {isa = PBXFileReference; lastKnownFileType = image.png; name = "icon_sms@2x.png"; path = "Resources/Images/Staff details icons/icon_sms@2x.png"; sourceTree = "<group>"; };
		8491933416B65886003B148C /* icon_contacts_selected.png */ = {isa = PBXFileReference; lastKnownFileType = image.png; name = icon_contacts_selected.png; path = "Resources/Images/Staff list icons/icon_contacts_selected.png"; sourceTree = "<group>"; };
		8491933516B65886003B148C /* icon_contacts_selected@2x.png */ = {isa = PBXFileReference; lastKnownFileType = image.png; name = "icon_contacts_selected@2x.png"; path = "Resources/Images/Staff list icons/icon_contacts_selected@2x.png"; sourceTree = "<group>"; };
		8491933616B65886003B148C /* icon_contacts.png */ = {isa = PBXFileReference; lastKnownFileType = image.png; name = icon_contacts.png; path = "Resources/Images/Staff list icons/icon_contacts.png"; sourceTree = "<group>"; };
		8491933716B65886003B148C /* icon_contacts@2x.png */ = {isa = PBXFileReference; lastKnownFileType = image.png; name = "icon_contacts@2x.png"; path = "Resources/Images/Staff list icons/icon_contacts@2x.png"; sourceTree = "<group>"; };
		8491933816B65886003B148C /* icon_info_selected.png */ = {isa = PBXFileReference; lastKnownFileType = image.png; name = icon_info_selected.png; path = "Resources/Images/Staff list icons/icon_info_selected.png"; sourceTree = "<group>"; };
		8491933916B65886003B148C /* icon_info_selected@2x.png */ = {isa = PBXFileReference; lastKnownFileType = image.png; name = "icon_info_selected@2x.png"; path = "Resources/Images/Staff list icons/icon_info_selected@2x.png"; sourceTree = "<group>"; };
		8491933A16B65886003B148C /* icon_info.png */ = {isa = PBXFileReference; lastKnownFileType = image.png; name = icon_info.png; path = "Resources/Images/Staff list icons/icon_info.png"; sourceTree = "<group>"; };
		8491933B16B65886003B148C /* icon_info@2x.png */ = {isa = PBXFileReference; lastKnownFileType = image.png; name = "icon_info@2x.png"; path = "Resources/Images/Staff list icons/icon_info@2x.png"; sourceTree = "<group>"; };
		8491933C16B65886003B148C /* icon_profile.png */ = {isa = PBXFileReference; lastKnownFileType = image.png; name = icon_profile.png; path = "Resources/Images/Staff list icons/icon_profile.png"; sourceTree = "<group>"; };
		8491933D16B65886003B148C /* icon_profile@2x.png */ = {isa = PBXFileReference; lastKnownFileType = image.png; name = "icon_profile@2x.png"; path = "Resources/Images/Staff list icons/icon_profile@2x.png"; sourceTree = "<group>"; };
		8491933E16B65886003B148C /* icon_star.png */ = {isa = PBXFileReference; lastKnownFileType = image.png; name = icon_star.png; path = "Resources/Images/Staff list icons/icon_star.png"; sourceTree = "<group>"; };
		8491933F16B65886003B148C /* icon_star@2x.png */ = {isa = PBXFileReference; lastKnownFileType = image.png; name = "icon_star@2x.png"; path = "Resources/Images/Staff list icons/icon_star@2x.png"; sourceTree = "<group>"; };
		8491934016B65886003B148C /* love.png */ = {isa = PBXFileReference; lastKnownFileType = image.png; name = love.png; path = "Resources/Images/Staff list icons/love.png"; sourceTree = "<group>"; };
		8491934116B65886003B148C /* middle_button.png */ = {isa = PBXFileReference; lastKnownFileType = image.png; name = middle_button.png; path = "Resources/Images/Staff list icons/middle_button.png"; sourceTree = "<group>"; };
		8491934216B65886003B148C /* middle_button@2x.png */ = {isa = PBXFileReference; lastKnownFileType = image.png; name = "middle_button@2x.png"; path = "Resources/Images/Staff list icons/middle_button@2x.png"; sourceTree = "<group>"; };
		84D9B80416B7B5F100074299 /* MAStaffDetailsController.h */ = {isa = PBXFileReference; fileEncoding = 4; lastKnownFileType = sourcecode.c.h; path = MAStaffDetailsController.h; sourceTree = "<group>"; };
		84D9B80516B7B5F100074299 /* MAStaffDetailsController.m */ = {isa = PBXFileReference; fileEncoding = 4; lastKnownFileType = sourcecode.c.objc; path = MAStaffDetailsController.m; sourceTree = "<group>"; };
		84DE9EAD16AE8BF3006C1D57 /* QuartzCore.framework */ = {isa = PBXFileReference; lastKnownFileType = wrapper.framework; name = QuartzCore.framework; path = System/Library/Frameworks/QuartzCore.framework; sourceTree = SDKROOT; };
		84E4D88316ACEDA0008568D0 /* MiniApp.app */ = {isa = PBXFileReference; explicitFileType = wrapper.application; includeInIndex = 0; path = MiniApp.app; sourceTree = BUILT_PRODUCTS_DIR; };
		84E4D88716ACEDA0008568D0 /* UIKit.framework */ = {isa = PBXFileReference; lastKnownFileType = wrapper.framework; name = UIKit.framework; path = System/Library/Frameworks/UIKit.framework; sourceTree = SDKROOT; };
		84E4D88916ACEDA0008568D0 /* Foundation.framework */ = {isa = PBXFileReference; lastKnownFileType = wrapper.framework; name = Foundation.framework; path = System/Library/Frameworks/Foundation.framework; sourceTree = SDKROOT; };
		84E4D88B16ACEDA0008568D0 /* CoreGraphics.framework */ = {isa = PBXFileReference; lastKnownFileType = wrapper.framework; name = CoreGraphics.framework; path = System/Library/Frameworks/CoreGraphics.framework; sourceTree = SDKROOT; };
		84E4D88F16ACEDA0008568D0 /* MiniApp-Info.plist */ = {isa = PBXFileReference; lastKnownFileType = text.plist.xml; path = "MiniApp-Info.plist"; sourceTree = "<group>"; };
		84E4D89116ACEDA0008568D0 /* en */ = {isa = PBXFileReference; lastKnownFileType = text.plist.strings; name = en; path = en.lproj/InfoPlist.strings; sourceTree = "<group>"; };
		84E4D89316ACEDA0008568D0 /* main.m */ = {isa = PBXFileReference; lastKnownFileType = sourcecode.c.objc; path = main.m; sourceTree = "<group>"; };
		84E4D89516ACEDA0008568D0 /* MiniApp-Prefix.pch */ = {isa = PBXFileReference; lastKnownFileType = sourcecode.c.h; path = "MiniApp-Prefix.pch"; sourceTree = "<group>"; };
		84E4D89616ACEDA0008568D0 /* MAAppDelegate.h */ = {isa = PBXFileReference; lastKnownFileType = sourcecode.c.h; path = MAAppDelegate.h; sourceTree = "<group>"; };
		84E4D89716ACEDA0008568D0 /* MAAppDelegate.m */ = {isa = PBXFileReference; lastKnownFileType = sourcecode.c.objc; path = MAAppDelegate.m; sourceTree = "<group>"; };
		84E4D89916ACEDA0008568D0 /* Default.png */ = {isa = PBXFileReference; lastKnownFileType = image.png; path = Default.png; sourceTree = "<group>"; };
		84E4D89B16ACEDA0008568D0 /* Default@2x.png */ = {isa = PBXFileReference; lastKnownFileType = image.png; path = "Default@2x.png"; sourceTree = "<group>"; };
		84E4D89D16ACEDA0008568D0 /* Default-568h@2x.png */ = {isa = PBXFileReference; lastKnownFileType = image.png; path = "Default-568h@2x.png"; sourceTree = "<group>"; };
		84E4D8A016ACEDA0008568D0 /* en */ = {isa = PBXFileReference; lastKnownFileType = file.storyboard; name = en; path = en.lproj/MainStoryboard_iPhone.storyboard; sourceTree = "<group>"; };
		84E4D8A316ACEDA0008568D0 /* en */ = {isa = PBXFileReference; lastKnownFileType = file.storyboard; name = en; path = en.lproj/MainStoryboard_iPad.storyboard; sourceTree = "<group>"; };
/* End PBXFileReference section */

/* Begin PBXFrameworksBuildPhase section */
		84E4D88016ACEDA0008568D0 /* Frameworks */ = {
			isa = PBXFrameworksBuildPhase;
			buildActionMask = 2147483647;
			files = (
				846B78BB16B26A4D0021AAA2 /* AddressBook.framework in Frameworks */,
				843E01BF16B2418F00287441 /* MessageUI.framework in Frameworks */,
				84DE9EAE16AE8BF4006C1D57 /* QuartzCore.framework in Frameworks */,
				84E4D88816ACEDA0008568D0 /* UIKit.framework in Frameworks */,
				84E4D88A16ACEDA0008568D0 /* Foundation.framework in Frameworks */,
				84E4D88C16ACEDA0008568D0 /* CoreGraphics.framework in Frameworks */,
			);
			runOnlyForDeploymentPostprocessing = 0;
		};
/* End PBXFrameworksBuildPhase section */

/* Begin PBXGroup section */
		84248ED716B115D600169EF2 /* Images */ = {
			isa = PBXGroup;
			children = (
				8491931B16B6584C003B148C /* Staff detail icons */,
				8491931A16B6583F003B148C /* Staff list icons */,
			);
			name = Images;
			sourceTree = "<group>";
		};
		8491929D16B654AE003B148C /* Managers */ = {
			isa = PBXGroup;
			children = (
				8491929E16B654BC003B148C /* AMDownloader.h */,
				8491929F16B654BC003B148C /* AMDownloader.m */,
			);
			name = Managers;
			sourceTree = "<group>";
		};
		8491931A16B6583F003B148C /* Staff list icons */ = {
			isa = PBXGroup;
			children = (
				8491933416B65886003B148C /* icon_contacts_selected.png */,
				8491933516B65886003B148C /* icon_contacts_selected@2x.png */,
				8491933616B65886003B148C /* icon_contacts.png */,
				8491933716B65886003B148C /* icon_contacts@2x.png */,
				8491933816B65886003B148C /* icon_info_selected.png */,
				8491933916B65886003B148C /* icon_info_selected@2x.png */,
				8491933A16B65886003B148C /* icon_info.png */,
				8491933B16B65886003B148C /* icon_info@2x.png */,
				8491933C16B65886003B148C /* icon_profile.png */,
				8491933D16B65886003B148C /* icon_profile@2x.png */,
				8491933E16B65886003B148C /* icon_star.png */,
				8491933F16B65886003B148C /* icon_star@2x.png */,
				8491934016B65886003B148C /* love.png */,
				8491934116B65886003B148C /* middle_button.png */,
				8491934216B65886003B148C /* middle_button@2x.png */,
			);
			name = "Staff list icons";
			sourceTree = "<group>";
		};
		8491931B16B6584C003B148C /* Staff detail icons */ = {
			isa = PBXGroup;
			children = (
				8491931C16B65879003B148C /* icon_add_contact.png */,
				8491931D16B65879003B148C /* icon_add_contact@2x.png */,
				8491931E16B65879003B148C /* icon_back.png */,
				8491931F16B65879003B148C /* icon_back@2x.png */,
				8491932016B65879003B148C /* icon_dislike.png */,
				8491932116B65879003B148C /* icon_dislike@2x.png */,
				8491932216B65879003B148C /* icon_email.png */,
				8491932316B65879003B148C /* icon_email@2x.png */,
				8491932416B65879003B148C /* icon_like.png */,
				8491932516B65879003B148C /* icon_like@2x.png */,
				8491932616B65879003B148C /* icon_sms.png */,
				8491932716B65879003B148C /* icon_sms@2x.png */,
			);
			name = "Staff detail icons";
			sourceTree = "<group>";
		};
		84DE9EA416AE89A0006C1D57 /* SVPullToRefresh */ = {
			isa = PBXGroup;
			children = (
				849192B016B6550B003B148C /* SVPullToRefresh.h */,
				849192B116B6550B003B148C /* UIScrollView+SVInfiniteScrolling.h */,
				849192B216B6550B003B148C /* UIScrollView+SVInfiniteScrolling.m */,
				849192B316B6550B003B148C /* UIScrollView+SVPullToRefresh.h */,
				849192B416B6550B003B148C /* UIScrollView+SVPullToRefresh.m */,
			);
			name = SVPullToRefresh;
			sourceTree = "<group>";
		};
		84E4D87816ACEDA0008568D0 = {
			isa = PBXGroup;
			children = (
				84E4D88D16ACEDA0008568D0 /* MiniApp */,
				84E4D88616ACEDA0008568D0 /* Frameworks */,
				84E4D88416ACEDA0008568D0 /* Products */,
			);
			sourceTree = "<group>";
		};
		84E4D88416ACEDA0008568D0 /* Products */ = {
			isa = PBXGroup;
			children = (
				84E4D88316ACEDA0008568D0 /* MiniApp.app */,
			);
			name = Products;
			sourceTree = "<group>";
		};
		84E4D88616ACEDA0008568D0 /* Frameworks */ = {
			isa = PBXGroup;
			children = (
				846B78BA16B26A4D0021AAA2 /* AddressBook.framework */,
				843E01BE16B2418F00287441 /* MessageUI.framework */,
				84DE9EAD16AE8BF3006C1D57 /* QuartzCore.framework */,
				84E4D88716ACEDA0008568D0 /* UIKit.framework */,
				84E4D88916ACEDA0008568D0 /* Foundation.framework */,
				84E4D88B16ACEDA0008568D0 /* CoreGraphics.framework */,
			);
			name = Frameworks;
			sourceTree = "<group>";
		};
		84E4D88D16ACEDA0008568D0 /* MiniApp */ = {
			isa = PBXGroup;
			children = (
				84248ED716B115D600169EF2 /* Images */,
				84E4D89616ACEDA0008568D0 /* MAAppDelegate.h */,
				84E4D89716ACEDA0008568D0 /* MAAppDelegate.m */,
				84E4D89F16ACEDA0008568D0 /* MainStoryboard_iPhone.storyboard */,
				84E4D8A216ACEDA0008568D0 /* MainStoryboard_iPad.storyboard */,
				8491929D16B654AE003B148C /* Managers */,
				84E4D8B016ACEE01008568D0 /* Models */,
				84E4D8AF16ACEDFB008568D0 /* Controllers */,
				84E4D8AE16ACEDF5008568D0 /* Vendors */,
				84E4D8AD16ACEDE7008568D0 /* Views */,
				84E4D88E16ACEDA0008568D0 /* Supporting Files */,
			);
			path = MiniApp;
			sourceTree = "<group>";
		};
		84E4D88E16ACEDA0008568D0 /* Supporting Files */ = {
			isa = PBXGroup;
			children = (
				84E4D88F16ACEDA0008568D0 /* MiniApp-Info.plist */,
				84E4D89016ACEDA0008568D0 /* InfoPlist.strings */,
				84E4D89316ACEDA0008568D0 /* main.m */,
				84E4D89516ACEDA0008568D0 /* MiniApp-Prefix.pch */,
				84E4D89916ACEDA0008568D0 /* Default.png */,
				84E4D89B16ACEDA0008568D0 /* Default@2x.png */,
				84E4D89D16ACEDA0008568D0 /* Default-568h@2x.png */,
			);
			name = "Supporting Files";
			sourceTree = "<group>";
		};
		84E4D8AD16ACEDE7008568D0 /* Views */ = {
			isa = PBXGroup;
			children = (
				849192D616B6554D003B148C /* MACustomNavigationBar.h */,
				849192D716B6554D003B148C /* MACustomNavigationBar.m */,
				849192D816B6554D003B148C /* MACustomTabBar.h */,
				849192D916B6554D003B148C /* MACustomTabBar.m */,
				849192DA16B6554D003B148C /* MACustomTabBar.xib */,
				849192DB16B6554D003B148C /* MAStaffDetailsCell.h */,
				849192DC16B6554D003B148C /* MAStaffDetailsCell.m */,
				849192DD16B6554D003B148C /* MAStaffsTableViewCell.h */,
				849192DE16B6554D003B148C /* MAStaffsTableViewCell.m */,
				84901BB016B77AA100F0D4D6 /* MAAppDimensions.h */,
				84901BB116B77AA100F0D4D6 /* MAAppDimensions.m */,
			);
			name = Views;
			sourceTree = "<group>";
		};
		84E4D8AE16ACEDF5008568D0 /* Vendors */ = {
			isa = PBXGroup;
			children = (
				84DE9EA416AE89A0006C1D57 /* SVPullToRefresh */,
				84E4D8CE16ACEECA008568D0 /* JSONKit */,
				84E4D8B116ACEEAB008568D0 /* AFNetworking */,
			);
			name = Vendors;
			sourceTree = "<group>";
		};
		84E4D8AF16ACEDFB008568D0 /* Controllers */ = {
			isa = PBXGroup;
			children = (
				849192A116B654CF003B148C /* MACustomNavigationViewController.h */,
				849192A216B654CF003B148C /* MACustomNavigationViewController.m */,
				849192A316B654CF003B148C /* MACustomTabBarViewController.h */,
				849192A416B654CF003B148C /* MACustomTabBarViewController.m */,
				849192A716B654CF003B148C /* MAStaffsViewController.h */,
				849192A816B654CF003B148C /* MAStaffsViewController.m */,
				849192A916B654CF003B148C /* MAWebViewController.h */,
				849192AA16B654CF003B148C /* MAWebViewController.m */,
				84D9B80416B7B5F100074299 /* MAStaffDetailsController.h */,
				84D9B80516B7B5F100074299 /* MAStaffDetailsController.m */,
			);
			name = Controllers;
			sourceTree = "<group>";
		};
		84E4D8B016ACEE01008568D0 /* Models */ = {
			isa = PBXGroup;
			children = (
				8491929916B654A8003B148C /* MAPerson.h */,
				8491929A16B654A8003B148C /* MAPerson.m */,
			);
			name = Models;
			sourceTree = "<group>";
		};
		84E4D8B116ACEEAB008568D0 /* AFNetworking */ = {
			isa = PBXGroup;
			children = (
				849192BA16B65523003B148C /* AFHTTPClient.h */,
				849192BB16B65523003B148C /* AFHTTPClient.m */,
				849192BC16B65523003B148C /* AFHTTPRequestOperation.h */,
				849192BD16B65523003B148C /* AFHTTPRequestOperation.m */,
				849192BE16B65523003B148C /* AFImageRequestOperation.h */,
				849192BF16B65523003B148C /* AFImageRequestOperation.m */,
				849192C016B65523003B148C /* AFJSONRequestOperation.h */,
				849192C116B65523003B148C /* AFJSONRequestOperation.m */,
				849192C216B65523003B148C /* AFNetworkActivityIndicatorManager.h */,
				849192C316B65523003B148C /* AFNetworkActivityIndicatorManager.m */,
				849192C416B65523003B148C /* AFNetworking.h */,
				849192C516B65523003B148C /* AFPropertyListRequestOperation.h */,
				849192C616B65523003B148C /* AFPropertyListRequestOperation.m */,
				849192C716B65523003B148C /* AFURLConnectionOperation.h */,
				849192C816B65523003B148C /* AFURLConnectionOperation.m */,
				849192C916B65523003B148C /* AFXMLRequestOperation.h */,
				849192CA16B65523003B148C /* AFXMLRequestOperation.m */,
				849192CB16B65523003B148C /* UIImageView+AFNetworking.h */,
				849192CC16B65523003B148C /* UIImageView+AFNetworking.m */,
			);
			name = AFNetworking;
			sourceTree = "<group>";
		};
		84E4D8CE16ACEECA008568D0 /* JSONKit */ = {
			isa = PBXGroup;
			children = (
				849192B716B65513003B148C /* JSONKit.h */,
				849192B816B65513003B148C /* JSONKit.m */,
			);
			name = JSONKit;
			sourceTree = "<group>";
		};
/* End PBXGroup section */

/* Begin PBXNativeTarget section */
		84E4D88216ACEDA0008568D0 /* MiniApp */ = {
			isa = PBXNativeTarget;
			buildConfigurationList = 84E4D8AA16ACEDA0008568D0 /* Build configuration list for PBXNativeTarget "MiniApp" */;
			buildPhases = (
				84E4D87F16ACEDA0008568D0 /* Sources */,
				84E4D88016ACEDA0008568D0 /* Frameworks */,
				84E4D88116ACEDA0008568D0 /* Resources */,
			);
			buildRules = (
			);
			dependencies = (
			);
			name = MiniApp;
			productName = MiniApp;
			productReference = 84E4D88316ACEDA0008568D0 /* MiniApp.app */;
			productType = "com.apple.product-type.application";
		};
/* End PBXNativeTarget section */

/* Begin PBXProject section */
		84E4D87A16ACEDA0008568D0 /* Project object */ = {
			isa = PBXProject;
			attributes = {
				CLASSPREFIX = MA;
				LastUpgradeCheck = 0450;
				ORGANIZATIONNAME = "Hoang Trieu Khang";
			};
			buildConfigurationList = 84E4D87D16ACEDA0008568D0 /* Build configuration list for PBXProject "MiniApp" */;
			compatibilityVersion = "Xcode 3.2";
			developmentRegion = English;
			hasScannedForEncodings = 0;
			knownRegions = (
				en,
			);
			mainGroup = 84E4D87816ACEDA0008568D0;
			productRefGroup = 84E4D88416ACEDA0008568D0 /* Products */;
			projectDirPath = "";
			projectRoot = "";
			targets = (
				84E4D88216ACEDA0008568D0 /* MiniApp */,
			);
		};
/* End PBXProject section */

/* Begin PBXResourcesBuildPhase section */
		84E4D88116ACEDA0008568D0 /* Resources */ = {
			isa = PBXResourcesBuildPhase;
			buildActionMask = 2147483647;
			files = (
				84E4D89216ACEDA0008568D0 /* InfoPlist.strings in Resources */,
				84E4D89A16ACEDA0008568D0 /* Default.png in Resources */,
				84E4D89C16ACEDA0008568D0 /* Default@2x.png in Resources */,
				84E4D89E16ACEDA0008568D0 /* Default-568h@2x.png in Resources */,
				84E4D8A116ACEDA0008568D0 /* MainStoryboard_iPhone.storyboard in Resources */,
				84E4D8A416ACEDA0008568D0 /* MainStoryboard_iPad.storyboard in Resources */,
				849192E116B6554D003B148C /* MACustomTabBar.xib in Resources */,
				8491932816B65879003B148C /* icon_add_contact.png in Resources */,
				8491932916B65879003B148C /* icon_add_contact@2x.png in Resources */,
				8491932A16B65879003B148C /* icon_back.png in Resources */,
				8491932B16B65879003B148C /* icon_back@2x.png in Resources */,
				8491932C16B65879003B148C /* icon_dislike.png in Resources */,
				8491932D16B65879003B148C /* icon_dislike@2x.png in Resources */,
				8491932E16B65879003B148C /* icon_email.png in Resources */,
				8491932F16B65879003B148C /* icon_email@2x.png in Resources */,
				8491933016B65879003B148C /* icon_like.png in Resources */,
				8491933116B65879003B148C /* icon_like@2x.png in Resources */,
				8491933216B65879003B148C /* icon_sms.png in Resources */,
				8491933316B65879003B148C /* icon_sms@2x.png in Resources */,
				8491934316B65886003B148C /* icon_contacts_selected.png in Resources */,
				8491934416B65886003B148C /* icon_contacts_selected@2x.png in Resources */,
				8491934516B65886003B148C /* icon_contacts.png in Resources */,
				8491934616B65886003B148C /* icon_contacts@2x.png in Resources */,
				8491934716B65886003B148C /* icon_info_selected.png in Resources */,
				8491934816B65886003B148C /* icon_info_selected@2x.png in Resources */,
				8491934916B65886003B148C /* icon_info.png in Resources */,
				8491934A16B65886003B148C /* icon_info@2x.png in Resources */,
				8491934B16B65886003B148C /* icon_profile.png in Resources */,
				8491934C16B65886003B148C /* icon_profile@2x.png in Resources */,
				8491934D16B65886003B148C /* icon_star.png in Resources */,
				8491934E16B65886003B148C /* icon_star@2x.png in Resources */,
				8491934F16B65886003B148C /* love.png in Resources */,
				8491935016B65886003B148C /* middle_button.png in Resources */,
				8491935116B65886003B148C /* middle_button@2x.png in Resources */,
			);
			runOnlyForDeploymentPostprocessing = 0;
		};
/* End PBXResourcesBuildPhase section */

/* Begin PBXSourcesBuildPhase section */
		84E4D87F16ACEDA0008568D0 /* Sources */ = {
			isa = PBXSourcesBuildPhase;
			buildActionMask = 2147483647;
			files = (
				84E4D89416ACEDA0008568D0 /* main.m in Sources */,
				84E4D89816ACEDA0008568D0 /* MAAppDelegate.m in Sources */,
				8491929C16B654A8003B148C /* MAPerson.m in Sources */,
				849192A016B654BC003B148C /* AMDownloader.m in Sources */,
				849192AB16B654CF003B148C /* MACustomNavigationViewController.m in Sources */,
				849192AC16B654CF003B148C /* MACustomTabBarViewController.m in Sources */,
				849192AE16B654CF003B148C /* MAStaffsViewController.m in Sources */,
				849192AF16B654CF003B148C /* MAWebViewController.m in Sources */,
				849192B516B6550B003B148C /* UIScrollView+SVInfiniteScrolling.m in Sources */,
				849192B616B6550B003B148C /* UIScrollView+SVPullToRefresh.m in Sources */,
				849192B916B65513003B148C /* JSONKit.m in Sources */,
				849192CD16B65523003B148C /* AFHTTPClient.m in Sources */,
				849192CE16B65523003B148C /* AFHTTPRequestOperation.m in Sources */,
				849192CF16B65523003B148C /* AFImageRequestOperation.m in Sources */,
				849192D016B65523003B148C /* AFJSONRequestOperation.m in Sources */,
				849192D116B65523003B148C /* AFNetworkActivityIndicatorManager.m in Sources */,
				849192D216B65523003B148C /* AFPropertyListRequestOperation.m in Sources */,
				849192D316B65523003B148C /* AFURLConnectionOperation.m in Sources */,
				849192D416B65523003B148C /* AFXMLRequestOperation.m in Sources */,
				849192D516B65523003B148C /* UIImageView+AFNetworking.m in Sources */,
				849192DF16B6554D003B148C /* MACustomNavigationBar.m in Sources */,
				849192E016B6554D003B148C /* MACustomTabBar.m in Sources */,
				849192E216B6554D003B148C /* MAStaffDetailsCell.m in Sources */,
				849192E316B6554D003B148C /* MAStaffsTableViewCell.m in Sources */,
				84901BB216B77AA100F0D4D6 /* MAAppDimensions.m in Sources */,
				84D9B80616B7B5F100074299 /* MAStaffDetailsController.m in Sources */,
			);
			runOnlyForDeploymentPostprocessing = 0;
		};
/* End PBXSourcesBuildPhase section */

/* Begin PBXVariantGroup section */
		84E4D89016ACEDA0008568D0 /* InfoPlist.strings */ = {
			isa = PBXVariantGroup;
			children = (
				84E4D89116ACEDA0008568D0 /* en */,
			);
			name = InfoPlist.strings;
			sourceTree = "<group>";
		};
		84E4D89F16ACEDA0008568D0 /* MainStoryboard_iPhone.storyboard */ = {
			isa = PBXVariantGroup;
			children = (
				84E4D8A016ACEDA0008568D0 /* en */,
			);
			name = MainStoryboard_iPhone.storyboard;
			sourceTree = "<group>";
		};
		84E4D8A216ACEDA0008568D0 /* MainStoryboard_iPad.storyboard */ = {
			isa = PBXVariantGroup;
			children = (
				84E4D8A316ACEDA0008568D0 /* en */,
			);
			name = MainStoryboard_iPad.storyboard;
			sourceTree = "<group>";
		};
/* End PBXVariantGroup section */

/* Begin XCBuildConfiguration section */
		84E4D8A816ACEDA0008568D0 /* Debug */ = {
			isa = XCBuildConfiguration;
			buildSettings = {
				ALWAYS_SEARCH_USER_PATHS = NO;
				CLANG_CXX_LANGUAGE_STANDARD = "gnu++0x";
				CLANG_CXX_LIBRARY = "libc++";
				CLANG_ENABLE_OBJC_ARC = YES;
				CLANG_WARN_EMPTY_BODY = YES;
				CLANG_WARN__DUPLICATE_METHOD_MATCH = YES;
				"CODE_SIGN_IDENTITY[sdk=iphoneos*]" = "iPhone Developer";
				COPY_PHASE_STRIP = NO;
				GCC_C_LANGUAGE_STANDARD = gnu99;
				GCC_DYNAMIC_NO_PIC = NO;
				GCC_OPTIMIZATION_LEVEL = 0;
				GCC_PREPROCESSOR_DEFINITIONS = (
					"DEBUG=1",
					"$(inherited)",
				);
				GCC_SYMBOLS_PRIVATE_EXTERN = NO;
				GCC_WARN_ABOUT_RETURN_TYPE = YES;
				GCC_WARN_UNINITIALIZED_AUTOS = YES;
				GCC_WARN_UNUSED_VARIABLE = YES;
				IPHONEOS_DEPLOYMENT_TARGET = 6.0;
				ONLY_ACTIVE_ARCH = YES;
				SDKROOT = iphoneos;
				TARGETED_DEVICE_FAMILY = "1,2";
			};
			name = Debug;
		};
		84E4D8A916ACEDA0008568D0 /* Release */ = {
			isa = XCBuildConfiguration;
			buildSettings = {
				ALWAYS_SEARCH_USER_PATHS = NO;
				CLANG_CXX_LANGUAGE_STANDARD = "gnu++0x";
				CLANG_CXX_LIBRARY = "libc++";
				CLANG_ENABLE_OBJC_ARC = YES;
				CLANG_WARN_EMPTY_BODY = YES;
				CLANG_WARN__DUPLICATE_METHOD_MATCH = YES;
				"CODE_SIGN_IDENTITY[sdk=iphoneos*]" = "iPhone Developer";
				COPY_PHASE_STRIP = YES;
				GCC_C_LANGUAGE_STANDARD = gnu99;
				GCC_WARN_ABOUT_RETURN_TYPE = YES;
				GCC_WARN_UNINITIALIZED_AUTOS = YES;
				GCC_WARN_UNUSED_VARIABLE = YES;
				IPHONEOS_DEPLOYMENT_TARGET = 6.0;
				OTHER_CFLAGS = "-DNS_BLOCK_ASSERTIONS=1";
				SDKROOT = iphoneos;
				TARGETED_DEVICE_FAMILY = "1,2";
				VALIDATE_PRODUCT = YES;
			};
			name = Release;
		};
		84E4D8AB16ACEDA0008568D0 /* Debug */ = {
			isa = XCBuildConfiguration;
			buildSettings = {
				GCC_PRECOMPILE_PREFIX_HEADER = YES;
				GCC_PREFIX_HEADER = "MiniApp/MiniApp-Prefix.pch";
				INFOPLIST_FILE = "MiniApp/MiniApp-Info.plist";
				PRODUCT_NAME = "$(TARGET_NAME)";
				WRAPPER_EXTENSION = app;
			};
			name = Debug;
		};
		84E4D8AC16ACEDA0008568D0 /* Release */ = {
			isa = XCBuildConfiguration;
			buildSettings = {
				GCC_PRECOMPILE_PREFIX_HEADER = YES;
				GCC_PREFIX_HEADER = "MiniApp/MiniApp-Prefix.pch";
				INFOPLIST_FILE = "MiniApp/MiniApp-Info.plist";
				PRODUCT_NAME = "$(TARGET_NAME)";
				WRAPPER_EXTENSION = app;
			};
			name = Release;
		};
/* End XCBuildConfiguration section */

/* Begin XCConfigurationList section */
		84E4D87D16ACEDA0008568D0 /* Build configuration list for PBXProject "MiniApp" */ = {
			isa = XCConfigurationList;
			buildConfigurations = (
				84E4D8A816ACEDA0008568D0 /* Debug */,
				84E4D8A916ACEDA0008568D0 /* Release */,
			);
			defaultConfigurationIsVisible = 0;
			defaultConfigurationName = Release;
		};
		84E4D8AA16ACEDA0008568D0 /* Build configuration list for PBXNativeTarget "MiniApp" */ = {
			isa = XCConfigurationList;
			buildConfigurations = (
				84E4D8AB16ACEDA0008568D0 /* Debug */,
				84E4D8AC16ACEDA0008568D0 /* Release */,
			);
			defaultConfigurationIsVisible = 0;
			defaultConfigurationName = Release;
		};
/* End XCConfigurationList section */
	};
	rootObject = 84E4D87A16ACEDA0008568D0 /* Project object */;
}
