// !$*UTF8*$!
{
	archiveVersion = 1;
	classes = {
	};
	objectVersion = 46;
	objects = {

/* Begin PBXBuildFile section */
		84248ED016B0EE1600169EF2 /* icon_back.png in Resources */ = {isa = PBXBuildFile; fileRef = 84248ECE16B0EE1600169EF2 /* icon_back.png */; };
		84248ED116B0EE1600169EF2 /* icon_back@2x.png in Resources */ = {isa = PBXBuildFile; fileRef = 84248ECF16B0EE1600169EF2 /* icon_back@2x.png */; };
		84248ED916B11AF200169EF2 /* icon_add_contact.png in Resources */ = {isa = PBXBuildFile; fileRef = 84248ED816B11AF200169EF2 /* icon_add_contact.png */; };
		84248EDB16B11AF800169EF2 /* icon_add_contact@2x.png in Resources */ = {isa = PBXBuildFile; fileRef = 84248EDA16B11AF800169EF2 /* icon_add_contact@2x.png */; };
		84248EE016B11F5C00169EF2 /* icon_dislike.png in Resources */ = {isa = PBXBuildFile; fileRef = 84248EDC16B11F5A00169EF2 /* icon_dislike.png */; };
		84248EE116B11F5C00169EF2 /* icon_dislike@2x.png in Resources */ = {isa = PBXBuildFile; fileRef = 84248EDD16B11F5A00169EF2 /* icon_dislike@2x.png */; };
		84248EE216B11F5C00169EF2 /* icon_email.png in Resources */ = {isa = PBXBuildFile; fileRef = 84248EDE16B11F5B00169EF2 /* icon_email.png */; };
		84248EE316B11F5C00169EF2 /* icon_email@2x.png in Resources */ = {isa = PBXBuildFile; fileRef = 84248EDF16B11F5B00169EF2 /* icon_email@2x.png */; };
		84248EE616B124D900169EF2 /* MAStaffDetailsCell.m in Sources */ = {isa = PBXBuildFile; fileRef = 84248EE516B124D800169EF2 /* MAStaffDetailsCell.m */; };
		843BE9B016B14A0B004D657A /* icon_profile.png in Resources */ = {isa = PBXBuildFile; fileRef = 843BE9AE16B14A0B004D657A /* icon_profile.png */; };
		843BE9B116B14A0B004D657A /* icon_profile@2x.png in Resources */ = {isa = PBXBuildFile; fileRef = 843BE9AF16B14A0B004D657A /* icon_profile@2x.png */; };
		843BE9B516B14A1B004D657A /* icon_sms.png in Resources */ = {isa = PBXBuildFile; fileRef = 843BE9B316B14A1B004D657A /* icon_sms.png */; };
		843BE9B616B14A1B004D657A /* icon_sms@2x.png in Resources */ = {isa = PBXBuildFile; fileRef = 843BE9B416B14A1B004D657A /* icon_sms@2x.png */; };
		843BE9B916B14A79004D657A /* icon_like.png in Resources */ = {isa = PBXBuildFile; fileRef = 843BE9B716B14A79004D657A /* icon_like.png */; };
		843BE9BA16B14A79004D657A /* icon_like@2x.png in Resources */ = {isa = PBXBuildFile; fileRef = 843BE9B816B14A79004D657A /* icon_like@2x.png */; };
		843E01BF16B2418F00287441 /* MessageUI.framework in Frameworks */ = {isa = PBXBuildFile; fileRef = 843E01BE16B2418F00287441 /* MessageUI.framework */; };
		844849F016AE303A00CE40FC /* middle_button.png in Resources */ = {isa = PBXBuildFile; fileRef = 844849EE16AE303A00CE40FC /* middle_button.png */; };
		844849F116AE303A00CE40FC /* middle_button@2x.png in Resources */ = {isa = PBXBuildFile; fileRef = 844849EF16AE303A00CE40FC /* middle_button@2x.png */; };
		844849FF16AE321900CE40FC /* MACustomTabBarViewController.m in Sources */ = {isa = PBXBuildFile; fileRef = 844849FE16AE321900CE40FC /* MACustomTabBarViewController.m */; };
		84484A0516AE4B1700CE40FC /* MACustomNavigationViewController.m in Sources */ = {isa = PBXBuildFile; fileRef = 84484A0416AE4B1700CE40FC /* MACustomNavigationViewController.m */; };
		84484A0816AE4BC100CE40FC /* MACustomNavigationBar.m in Sources */ = {isa = PBXBuildFile; fileRef = 84484A0716AE4BC100CE40FC /* MACustomNavigationBar.m */; };
		8459799616AD338300791371 /* customNavigation.png in Resources */ = {isa = PBXBuildFile; fileRef = 8459799516AD338300791371 /* customNavigation.png */; };
		845979A616AD3BB900791371 /* MAWebViewController.m in Sources */ = {isa = PBXBuildFile; fileRef = 845979A516AD3BB900791371 /* MAWebViewController.m */; };
		845979B416AD433400791371 /* MACustomTabBar.m in Sources */ = {isa = PBXBuildFile; fileRef = 845979B316AD433400791371 /* MACustomTabBar.m */; };
		845979B616AD44BB00791371 /* tabbar-bg.png in Resources */ = {isa = PBXBuildFile; fileRef = 845979B516AD44BB00791371 /* tabbar-bg.png */; };
		845979BC16AD4BC200791371 /* images 2.jpeg in Resources */ = {isa = PBXBuildFile; fileRef = 845979BB16AD4BC200791371 /* images 2.jpeg */; };
		8461062F16AE91D50092FE79 /* icon_contacts_selected.png in Resources */ = {isa = PBXBuildFile; fileRef = 8461062B16AE91D50092FE79 /* icon_contacts_selected.png */; };
		8461063016AE91D50092FE79 /* icon_contacts_selected@2x.png in Resources */ = {isa = PBXBuildFile; fileRef = 8461062C16AE91D50092FE79 /* icon_contacts_selected@2x.png */; };
		8461063116AE91D50092FE79 /* icon_info_selected.png in Resources */ = {isa = PBXBuildFile; fileRef = 8461062D16AE91D50092FE79 /* icon_info_selected.png */; };
		8461063216AE91D50092FE79 /* icon_info_selected@2x.png in Resources */ = {isa = PBXBuildFile; fileRef = 8461062E16AE91D50092FE79 /* icon_info_selected@2x.png */; };
		846B78BB16B26A4D0021AAA2 /* AddressBook.framework in Frameworks */ = {isa = PBXBuildFile; fileRef = 846B78BA16B26A4D0021AAA2 /* AddressBook.framework */; };
		84889D4B16AF9F4800857C44 /* MAStaffDetailsViewController.m in Sources */ = {isa = PBXBuildFile; fileRef = 84889D4A16AF9F4800857C44 /* MAStaffDetailsViewController.m */; };
		848ACD0D16AE2818003C7993 /* icon_contacts.png in Resources */ = {isa = PBXBuildFile; fileRef = 848ACD0916AE2818003C7993 /* icon_contacts.png */; };
		848ACD0E16AE2818003C7993 /* icon_contacts@2x.png in Resources */ = {isa = PBXBuildFile; fileRef = 848ACD0A16AE2818003C7993 /* icon_contacts@2x.png */; };
		848ACD0F16AE2818003C7993 /* icon_info.png in Resources */ = {isa = PBXBuildFile; fileRef = 848ACD0B16AE2818003C7993 /* icon_info.png */; };
		848ACD1016AE2818003C7993 /* icon_info@2x.png in Resources */ = {isa = PBXBuildFile; fileRef = 848ACD0C16AE2818003C7993 /* icon_info@2x.png */; };
		84B5473B16AD146900CAF94E /* MAStaffsTableViewCell.m in Sources */ = {isa = PBXBuildFile; fileRef = 84B5473A16AD146900CAF94E /* MAStaffsTableViewCell.m */; };
		84B5474416AD26FF00CAF94E /* MAStaffsViewController.m in Sources */ = {isa = PBXBuildFile; fileRef = 84B5474316AD26FF00CAF94E /* MAStaffsViewController.m */; };
		84DE9E9E16AE82C1006C1D57 /* love.png in Resources */ = {isa = PBXBuildFile; fileRef = 84DE9E9D16AE82C1006C1D57 /* love.png */; };
		84DE9EAA16AE89D5006C1D57 /* UIScrollView+SVInfiniteScrolling.m in Sources */ = {isa = PBXBuildFile; fileRef = 84DE9EA716AE89D5006C1D57 /* UIScrollView+SVInfiniteScrolling.m */; settings = {COMPILER_FLAGS = "-fobjc-arc"; }; };
		84DE9EAB16AE89D5006C1D57 /* UIScrollView+SVPullToRefresh.m in Sources */ = {isa = PBXBuildFile; fileRef = 84DE9EA916AE89D5006C1D57 /* UIScrollView+SVPullToRefresh.m */; settings = {COMPILER_FLAGS = "-fobjc-arc"; }; };
		84DE9EAE16AE8BF4006C1D57 /* QuartzCore.framework in Frameworks */ = {isa = PBXBuildFile; fileRef = 84DE9EAD16AE8BF3006C1D57 /* QuartzCore.framework */; };
		84E4D88816ACEDA0008568D0 /* UIKit.framework in Frameworks */ = {isa = PBXBuildFile; fileRef = 84E4D88716ACEDA0008568D0 /* UIKit.framework */; };
		84E4D88A16ACEDA0008568D0 /* Foundation.framework in Frameworks */ = {isa = PBXBuildFile; fileRef = 84E4D88916ACEDA0008568D0 /* Foundation.framework */; };
		84E4D88C16ACEDA0008568D0 /* CoreGraphics.framework in Frameworks */ = {isa = PBXBuildFile; fileRef = 84E4D88B16ACEDA0008568D0 /* CoreGraphics.framework */; };
		84E4D89216ACEDA0008568D0 /* InfoPlist.strings in Resources */ = {isa = PBXBuildFile; fileRef = 84E4D89016ACEDA0008568D0 /* InfoPlist.strings */; };
		84E4D89416ACEDA0008568D0 /* main.m in Sources */ = {isa = PBXBuildFile; fileRef = 84E4D89316ACEDA0008568D0 /* main.m */; };
		84E4D89816ACEDA0008568D0 /* MAAppDelegate.m in Sources */ = {isa = PBXBuildFile; fileRef = 84E4D89716ACEDA0008568D0 /* MAAppDelegate.m */; };
		84E4D89A16ACEDA0008568D0 /* Default.png in Resources */ = {isa = PBXBuildFile; fileRef = 84E4D89916ACEDA0008568D0 /* Default.png */; };
		84E4D89C16ACEDA0008568D0 /* Default@2x.png in Resources */ = {isa = PBXBuildFile; fileRef = 84E4D89B16ACEDA0008568D0 /* Default@2x.png */; };
		84E4D89E16ACEDA0008568D0 /* Default-568h@2x.png in Resources */ = {isa = PBXBuildFile; fileRef = 84E4D89D16ACEDA0008568D0 /* Default-568h@2x.png */; };
		84E4D8A116ACEDA0008568D0 /* MainStoryboard_iPhone.storyboard in Resources */ = {isa = PBXBuildFile; fileRef = 84E4D89F16ACEDA0008568D0 /* MainStoryboard_iPhone.storyboard */; };
		84E4D8A416ACEDA0008568D0 /* MainStoryboard_iPad.storyboard in Resources */ = {isa = PBXBuildFile; fileRef = 84E4D8A216ACEDA0008568D0 /* MainStoryboard_iPad.storyboard */; };
		84E4D8C516ACEEC5008568D0 /* AFHTTPClient.m in Sources */ = {isa = PBXBuildFile; fileRef = 84E4D8B316ACEEC5008568D0 /* AFHTTPClient.m */; settings = {COMPILER_FLAGS = "-fno-objc-arc"; }; };
		84E4D8C616ACEEC5008568D0 /* AFHTTPRequestOperation.m in Sources */ = {isa = PBXBuildFile; fileRef = 84E4D8B516ACEEC5008568D0 /* AFHTTPRequestOperation.m */; };
		84E4D8C716ACEEC5008568D0 /* AFImageRequestOperation.m in Sources */ = {isa = PBXBuildFile; fileRef = 84E4D8B716ACEEC5008568D0 /* AFImageRequestOperation.m */; };
		84E4D8C816ACEEC5008568D0 /* AFJSONRequestOperation.m in Sources */ = {isa = PBXBuildFile; fileRef = 84E4D8B916ACEEC5008568D0 /* AFJSONRequestOperation.m */; };
		84E4D8C916ACEEC5008568D0 /* AFNetworkActivityIndicatorManager.m in Sources */ = {isa = PBXBuildFile; fileRef = 84E4D8BB16ACEEC5008568D0 /* AFNetworkActivityIndicatorManager.m */; };
		84E4D8CA16ACEEC5008568D0 /* AFPropertyListRequestOperation.m in Sources */ = {isa = PBXBuildFile; fileRef = 84E4D8BE16ACEEC5008568D0 /* AFPropertyListRequestOperation.m */; };
		84E4D8CB16ACEEC5008568D0 /* AFURLConnectionOperation.m in Sources */ = {isa = PBXBuildFile; fileRef = 84E4D8C016ACEEC5008568D0 /* AFURLConnectionOperation.m */; };
		84E4D8CC16ACEEC5008568D0 /* AFXMLRequestOperation.m in Sources */ = {isa = PBXBuildFile; fileRef = 84E4D8C216ACEEC5008568D0 /* AFXMLRequestOperation.m */; };
		84E4D8CD16ACEEC5008568D0 /* UIImageView+AFNetworking.m in Sources */ = {isa = PBXBuildFile; fileRef = 84E4D8C416ACEEC5008568D0 /* UIImageView+AFNetworking.m */; };
		84E4D8D116ACEEE0008568D0 /* JSONKit.m in Sources */ = {isa = PBXBuildFile; fileRef = 84E4D8D016ACEEE0008568D0 /* JSONKit.m */; settings = {COMPILER_FLAGS = "-fno-objc-arc"; }; };
		84E4D8D416ACF103008568D0 /* MAConstant.m in Sources */ = {isa = PBXBuildFile; fileRef = 84E4D8D316ACF103008568D0 /* MAConstant.m */; };
		84E4D8D716ACF369008568D0 /* AMDownloader.m in Sources */ = {isa = PBXBuildFile; fileRef = 84E4D8D616ACF369008568D0 /* AMDownloader.m */; };
		84E4D8DA16ACF4AF008568D0 /* MAPerson.m in Sources */ = {isa = PBXBuildFile; fileRef = 84E4D8D916ACF4AF008568D0 /* MAPerson.m */; };
		84E4D8E716ACFA69008568D0 /* MAEntry.m in Sources */ = {isa = PBXBuildFile; fileRef = 84E4D8E616ACFA69008568D0 /* MAEntry.m */; };
		84E64B0216AF81EB00AC0487 /* MACustomTabBarItem.m in Sources */ = {isa = PBXBuildFile; fileRef = 84E64B0116AF81EB00AC0487 /* MACustomTabBarItem.m */; };
/* End PBXBuildFile section */

/* Begin PBXFileReference section */
		84248ECE16B0EE1600169EF2 /* icon_back.png */ = {isa = PBXFileReference; lastKnownFileType = image.png; name = icon_back.png; path = "../../../Dropbox/MiniEvalApp/6. UI/Slices/icon_back.png"; sourceTree = "<group>"; };
		84248ECF16B0EE1600169EF2 /* icon_back@2x.png */ = {isa = PBXFileReference; lastKnownFileType = image.png; name = "icon_back@2x.png"; path = "../../../Dropbox/MiniEvalApp/6. UI/Slices/icon_back@2x.png"; sourceTree = "<group>"; };
		84248ED816B11AF200169EF2 /* icon_add_contact.png */ = {isa = PBXFileReference; lastKnownFileType = image.png; name = icon_add_contact.png; path = "../../../Dropbox/MiniEvalApp/6. UI/Slices/icon_add_contact.png"; sourceTree = "<group>"; };
		84248EDA16B11AF800169EF2 /* icon_add_contact@2x.png */ = {isa = PBXFileReference; lastKnownFileType = image.png; name = "icon_add_contact@2x.png"; path = "../../../Dropbox/MiniEvalApp/6. UI/Slices/icon_add_contact@2x.png"; sourceTree = "<group>"; };
		84248EDC16B11F5A00169EF2 /* icon_dislike.png */ = {isa = PBXFileReference; lastKnownFileType = image.png; name = icon_dislike.png; path = "../../../Dropbox/MiniEvalApp/6. UI/Slices/icon_dislike.png"; sourceTree = "<group>"; };
		84248EDD16B11F5A00169EF2 /* icon_dislike@2x.png */ = {isa = PBXFileReference; lastKnownFileType = image.png; name = "icon_dislike@2x.png"; path = "../../../Dropbox/MiniEvalApp/6. UI/Slices/icon_dislike@2x.png"; sourceTree = "<group>"; };
		84248EDE16B11F5B00169EF2 /* icon_email.png */ = {isa = PBXFileReference; lastKnownFileType = image.png; name = icon_email.png; path = "../../../Dropbox/MiniEvalApp/6. UI/Slices/icon_email.png"; sourceTree = "<group>"; };
		84248EDF16B11F5B00169EF2 /* icon_email@2x.png */ = {isa = PBXFileReference; lastKnownFileType = image.png; name = "icon_email@2x.png"; path = "../../../Dropbox/MiniEvalApp/6. UI/Slices/icon_email@2x.png"; sourceTree = "<group>"; };
		84248EE416B124D800169EF2 /* MAStaffDetailsCell.h */ = {isa = PBXFileReference; fileEncoding = 4; lastKnownFileType = sourcecode.c.h; path = MAStaffDetailsCell.h; sourceTree = "<group>"; };
		84248EE516B124D800169EF2 /* MAStaffDetailsCell.m */ = {isa = PBXFileReference; fileEncoding = 4; lastKnownFileType = sourcecode.c.objc; path = MAStaffDetailsCell.m; sourceTree = "<group>"; };
		843BE9AE16B14A0B004D657A /* icon_profile.png */ = {isa = PBXFileReference; lastKnownFileType = image.png; name = icon_profile.png; path = "../../../Dropbox/MiniEvalApp/6. UI/Slices/icon_profile.png"; sourceTree = "<group>"; };
		843BE9AF16B14A0B004D657A /* icon_profile@2x.png */ = {isa = PBXFileReference; lastKnownFileType = image.png; name = "icon_profile@2x.png"; path = "../../../Dropbox/MiniEvalApp/6. UI/Slices/icon_profile@2x.png"; sourceTree = "<group>"; };
		843BE9B316B14A1B004D657A /* icon_sms.png */ = {isa = PBXFileReference; lastKnownFileType = image.png; name = icon_sms.png; path = "../../../Dropbox/MiniEvalApp/6. UI/Slices/icon_sms.png"; sourceTree = "<group>"; };
		843BE9B416B14A1B004D657A /* icon_sms@2x.png */ = {isa = PBXFileReference; lastKnownFileType = image.png; name = "icon_sms@2x.png"; path = "../../../Dropbox/MiniEvalApp/6. UI/Slices/icon_sms@2x.png"; sourceTree = "<group>"; };
		843BE9B716B14A79004D657A /* icon_like.png */ = {isa = PBXFileReference; lastKnownFileType = image.png; name = icon_like.png; path = "../../../Dropbox/MiniEvalApp/6. UI/Slices/icon_like.png"; sourceTree = "<group>"; };
		843BE9B816B14A79004D657A /* icon_like@2x.png */ = {isa = PBXFileReference; lastKnownFileType = image.png; name = "icon_like@2x.png"; path = "../../../Dropbox/MiniEvalApp/6. UI/Slices/icon_like@2x.png"; sourceTree = "<group>"; };
		843E01BE16B2418F00287441 /* MessageUI.framework */ = {isa = PBXFileReference; lastKnownFileType = wrapper.framework; name = MessageUI.framework; path = System/Library/Frameworks/MessageUI.framework; sourceTree = SDKROOT; };
		844849EE16AE303A00CE40FC /* middle_button.png */ = {isa = PBXFileReference; lastKnownFileType = image.png; path = middle_button.png; sourceTree = "<group>"; };
		844849EF16AE303A00CE40FC /* middle_button@2x.png */ = {isa = PBXFileReference; lastKnownFileType = image.png; path = "middle_button@2x.png"; sourceTree = "<group>"; };
		844849FD16AE321900CE40FC /* MACustomTabBarViewController.h */ = {isa = PBXFileReference; fileEncoding = 4; lastKnownFileType = sourcecode.c.h; path = MACustomTabBarViewController.h; sourceTree = "<group>"; };
		844849FE16AE321900CE40FC /* MACustomTabBarViewController.m */ = {isa = PBXFileReference; fileEncoding = 4; lastKnownFileType = sourcecode.c.objc; path = MACustomTabBarViewController.m; sourceTree = "<group>"; };
		84484A0316AE4B1700CE40FC /* MACustomNavigationViewController.h */ = {isa = PBXFileReference; fileEncoding = 4; lastKnownFileType = sourcecode.c.h; path = MACustomNavigationViewController.h; sourceTree = "<group>"; };
		84484A0416AE4B1700CE40FC /* MACustomNavigationViewController.m */ = {isa = PBXFileReference; fileEncoding = 4; lastKnownFileType = sourcecode.c.objc; path = MACustomNavigationViewController.m; sourceTree = "<group>"; };
		84484A0616AE4BC100CE40FC /* MACustomNavigationBar.h */ = {isa = PBXFileReference; fileEncoding = 4; lastKnownFileType = sourcecode.c.h; path = MACustomNavigationBar.h; sourceTree = "<group>"; };
		84484A0716AE4BC100CE40FC /* MACustomNavigationBar.m */ = {isa = PBXFileReference; fileEncoding = 4; lastKnownFileType = sourcecode.c.objc; path = MACustomNavigationBar.m; sourceTree = "<group>"; };
		8459799516AD338300791371 /* customNavigation.png */ = {isa = PBXFileReference; lastKnownFileType = image.png; path = customNavigation.png; sourceTree = "<group>"; };
		845979A416AD3BB900791371 /* MAWebViewController.h */ = {isa = PBXFileReference; fileEncoding = 4; lastKnownFileType = sourcecode.c.h; path = MAWebViewController.h; sourceTree = "<group>"; };
		845979A516AD3BB900791371 /* MAWebViewController.m */ = {isa = PBXFileReference; fileEncoding = 4; lastKnownFileType = sourcecode.c.objc; path = MAWebViewController.m; sourceTree = "<group>"; };
		845979B216AD433300791371 /* MACustomTabBar.h */ = {isa = PBXFileReference; fileEncoding = 4; lastKnownFileType = sourcecode.c.h; path = MACustomTabBar.h; sourceTree = "<group>"; };
		845979B316AD433400791371 /* MACustomTabBar.m */ = {isa = PBXFileReference; fileEncoding = 4; lastKnownFileType = sourcecode.c.objc; path = MACustomTabBar.m; sourceTree = "<group>"; };
		845979B516AD44BB00791371 /* tabbar-bg.png */ = {isa = PBXFileReference; lastKnownFileType = image.png; path = "tabbar-bg.png"; sourceTree = "<group>"; };
		845979BB16AD4BC200791371 /* images 2.jpeg */ = {isa = PBXFileReference; lastKnownFileType = image.jpeg; path = "images 2.jpeg"; sourceTree = "<group>"; };
		8461062B16AE91D50092FE79 /* icon_contacts_selected.png */ = {isa = PBXFileReference; lastKnownFileType = image.png; name = icon_contacts_selected.png; path = ../../../Downloads/selected_icons/icon_contacts_selected.png; sourceTree = "<group>"; };
		8461062C16AE91D50092FE79 /* icon_contacts_selected@2x.png */ = {isa = PBXFileReference; lastKnownFileType = image.png; name = "icon_contacts_selected@2x.png"; path = "../../../Downloads/selected_icons/icon_contacts_selected@2x.png"; sourceTree = "<group>"; };
		8461062D16AE91D50092FE79 /* icon_info_selected.png */ = {isa = PBXFileReference; lastKnownFileType = image.png; name = icon_info_selected.png; path = ../../../Downloads/selected_icons/icon_info_selected.png; sourceTree = "<group>"; };
		8461062E16AE91D50092FE79 /* icon_info_selected@2x.png */ = {isa = PBXFileReference; lastKnownFileType = image.png; name = "icon_info_selected@2x.png"; path = "../../../Downloads/selected_icons/icon_info_selected@2x.png"; sourceTree = "<group>"; };
		846B78BA16B26A4D0021AAA2 /* AddressBook.framework */ = {isa = PBXFileReference; lastKnownFileType = wrapper.framework; name = AddressBook.framework; path = System/Library/Frameworks/AddressBook.framework; sourceTree = SDKROOT; };
		84889D4916AF9F4800857C44 /* MAStaffDetailsViewController.h */ = {isa = PBXFileReference; fileEncoding = 4; lastKnownFileType = sourcecode.c.h; path = MAStaffDetailsViewController.h; sourceTree = "<group>"; };
		84889D4A16AF9F4800857C44 /* MAStaffDetailsViewController.m */ = {isa = PBXFileReference; fileEncoding = 4; lastKnownFileType = sourcecode.c.objc; path = MAStaffDetailsViewController.m; sourceTree = "<group>"; };
		848ACD0916AE2818003C7993 /* icon_contacts.png */ = {isa = PBXFileReference; lastKnownFileType = image.png; path = icon_contacts.png; sourceTree = "<group>"; };
		848ACD0A16AE2818003C7993 /* icon_contacts@2x.png */ = {isa = PBXFileReference; lastKnownFileType = image.png; path = "icon_contacts@2x.png"; sourceTree = "<group>"; };
		848ACD0B16AE2818003C7993 /* icon_info.png */ = {isa = PBXFileReference; lastKnownFileType = image.png; path = icon_info.png; sourceTree = "<group>"; };
		848ACD0C16AE2818003C7993 /* icon_info@2x.png */ = {isa = PBXFileReference; lastKnownFileType = image.png; path = "icon_info@2x.png"; sourceTree = "<group>"; };
		84B5473916AD146900CAF94E /* MAStaffsTableViewCell.h */ = {isa = PBXFileReference; fileEncoding = 4; lastKnownFileType = sourcecode.c.h; path = MAStaffsTableViewCell.h; sourceTree = "<group>"; };
		84B5473A16AD146900CAF94E /* MAStaffsTableViewCell.m */ = {isa = PBXFileReference; fileEncoding = 4; lastKnownFileType = sourcecode.c.objc; path = MAStaffsTableViewCell.m; sourceTree = "<group>"; };
		84B5474216AD26FE00CAF94E /* MAStaffsViewController.h */ = {isa = PBXFileReference; fileEncoding = 4; lastKnownFileType = sourcecode.c.h; path = MAStaffsViewController.h; sourceTree = "<group>"; };
		84B5474316AD26FF00CAF94E /* MAStaffsViewController.m */ = {isa = PBXFileReference; fileEncoding = 4; lastKnownFileType = sourcecode.c.objc; path = MAStaffsViewController.m; sourceTree = "<group>"; };
		84DE9E9D16AE82C1006C1D57 /* love.png */ = {isa = PBXFileReference; lastKnownFileType = image.png; path = love.png; sourceTree = "<group>"; };
		84DE9EA516AE89D5006C1D57 /* SVPullToRefresh.h */ = {isa = PBXFileReference; fileEncoding = 4; lastKnownFileType = sourcecode.c.h; path = SVPullToRefresh.h; sourceTree = "<group>"; };
		84DE9EA616AE89D5006C1D57 /* UIScrollView+SVInfiniteScrolling.h */ = {isa = PBXFileReference; fileEncoding = 4; lastKnownFileType = sourcecode.c.h; path = "UIScrollView+SVInfiniteScrolling.h"; sourceTree = "<group>"; };
		84DE9EA716AE89D5006C1D57 /* UIScrollView+SVInfiniteScrolling.m */ = {isa = PBXFileReference; fileEncoding = 4; lastKnownFileType = sourcecode.c.objc; path = "UIScrollView+SVInfiniteScrolling.m"; sourceTree = "<group>"; };
		84DE9EA816AE89D5006C1D57 /* UIScrollView+SVPullToRefresh.h */ = {isa = PBXFileReference; fileEncoding = 4; lastKnownFileType = sourcecode.c.h; path = "UIScrollView+SVPullToRefresh.h"; sourceTree = "<group>"; };
		84DE9EA916AE89D5006C1D57 /* UIScrollView+SVPullToRefresh.m */ = {isa = PBXFileReference; fileEncoding = 4; lastKnownFileType = sourcecode.c.objc; path = "UIScrollView+SVPullToRefresh.m"; sourceTree = "<group>"; };
		84DE9EAD16AE8BF3006C1D57 /* QuartzCore.framework */ = {isa = PBXFileReference; lastKnownFileType = wrapper.framework; name = QuartzCore.framework; path = System/Library/Frameworks/QuartzCore.framework; sourceTree = SDKROOT; };
		84E4D88316ACEDA0008568D0 /* MiniApp.app */ = {isa = PBXFileReference; explicitFileType = wrapper.application; includeInIndex = 0; path = MiniApp.app; sourceTree = BUILT_PRODUCTS_DIR; };
		84E4D88716ACEDA0008568D0 /* UIKit.framework */ = {isa = PBXFileReference; lastKnownFileType = wrapper.framework; name = UIKit.framework; path = System/Library/Frameworks/UIKit.framework; sourceTree = SDKROOT; };
		84E4D88916ACEDA0008568D0 /* Foundation.framework */ = {isa = PBXFileReference; lastKnownFileType = wrapper.framework; name = Foundation.framework; path = System/Library/Frameworks/Foundation.framework; sourceTree = SDKROOT; };
		84E4D88B16ACEDA0008568D0 /* CoreGraphics.framework */ = {isa = PBXFileReference; lastKnownFileType = wrapper.framework; name = CoreGraphics.framework; path = System/Library/Frameworks/CoreGraphics.framework; sourceTree = SDKROOT; };
		84E4D88F16ACEDA0008568D0 /* MiniApp-Info.plist */ = {isa = PBXFileReference; lastKnownFileType = text.plist.xml; path = "MiniApp-Info.plist"; sourceTree = "<group>"; };
		84E4D89116ACEDA0008568D0 /* en */ = {isa = PBXFileReference; lastKnownFileType = text.plist.strings; name = en; path = en.lproj/InfoPlist.strings; sourceTree = "<group>"; };
		84E4D89316ACEDA0008568D0 /* main.m */ = {isa = PBXFileReference; lastKnownFileType = sourcecode.c.objc; path = main.m; sourceTree = "<group>"; };
		84E4D89516ACEDA0008568D0 /* MiniApp-Prefix.pch */ = {isa = PBXFileReference; lastKnownFileType = sourcecode.c.h; path = "MiniApp-Prefix.pch"; sourceTree = "<group>"; };
		84E4D89616ACEDA0008568D0 /* MAAppDelegate.h */ = {isa = PBXFileReference; lastKnownFileType = sourcecode.c.h; path = MAAppDelegate.h; sourceTree = "<group>"; };
		84E4D89716ACEDA0008568D0 /* MAAppDelegate.m */ = {isa = PBXFileReference; lastKnownFileType = sourcecode.c.objc; path = MAAppDelegate.m; sourceTree = "<group>"; };
		84E4D89916ACEDA0008568D0 /* Default.png */ = {isa = PBXFileReference; lastKnownFileType = image.png; path = Default.png; sourceTree = "<group>"; };
		84E4D89B16ACEDA0008568D0 /* Default@2x.png */ = {isa = PBXFileReference; lastKnownFileType = image.png; path = "Default@2x.png"; sourceTree = "<group>"; };
		84E4D89D16ACEDA0008568D0 /* Default-568h@2x.png */ = {isa = PBXFileReference; lastKnownFileType = image.png; path = "Default-568h@2x.png"; sourceTree = "<group>"; };
		84E4D8A016ACEDA0008568D0 /* en */ = {isa = PBXFileReference; lastKnownFileType = file.storyboard; name = en; path = en.lproj/MainStoryboard_iPhone.storyboard; sourceTree = "<group>"; };
		84E4D8A316ACEDA0008568D0 /* en */ = {isa = PBXFileReference; lastKnownFileType = file.storyboard; name = en; path = en.lproj/MainStoryboard_iPad.storyboard; sourceTree = "<group>"; };
		84E4D8B216ACEEC5008568D0 /* AFHTTPClient.h */ = {isa = PBXFileReference; fileEncoding = 4; lastKnownFileType = sourcecode.c.h; path = AFHTTPClient.h; sourceTree = "<group>"; };
		84E4D8B316ACEEC5008568D0 /* AFHTTPClient.m */ = {isa = PBXFileReference; fileEncoding = 4; lastKnownFileType = sourcecode.c.objc; path = AFHTTPClient.m; sourceTree = "<group>"; };
		84E4D8B416ACEEC5008568D0 /* AFHTTPRequestOperation.h */ = {isa = PBXFileReference; fileEncoding = 4; lastKnownFileType = sourcecode.c.h; path = AFHTTPRequestOperation.h; sourceTree = "<group>"; };
		84E4D8B516ACEEC5008568D0 /* AFHTTPRequestOperation.m */ = {isa = PBXFileReference; fileEncoding = 4; lastKnownFileType = sourcecode.c.objc; path = AFHTTPRequestOperation.m; sourceTree = "<group>"; };
		84E4D8B616ACEEC5008568D0 /* AFImageRequestOperation.h */ = {isa = PBXFileReference; fileEncoding = 4; lastKnownFileType = sourcecode.c.h; path = AFImageRequestOperation.h; sourceTree = "<group>"; };
		84E4D8B716ACEEC5008568D0 /* AFImageRequestOperation.m */ = {isa = PBXFileReference; fileEncoding = 4; lastKnownFileType = sourcecode.c.objc; path = AFImageRequestOperation.m; sourceTree = "<group>"; };
		84E4D8B816ACEEC5008568D0 /* AFJSONRequestOperation.h */ = {isa = PBXFileReference; fileEncoding = 4; lastKnownFileType = sourcecode.c.h; path = AFJSONRequestOperation.h; sourceTree = "<group>"; };
		84E4D8B916ACEEC5008568D0 /* AFJSONRequestOperation.m */ = {isa = PBXFileReference; fileEncoding = 4; lastKnownFileType = sourcecode.c.objc; path = AFJSONRequestOperation.m; sourceTree = "<group>"; };
		84E4D8BA16ACEEC5008568D0 /* AFNetworkActivityIndicatorManager.h */ = {isa = PBXFileReference; fileEncoding = 4; lastKnownFileType = sourcecode.c.h; path = AFNetworkActivityIndicatorManager.h; sourceTree = "<group>"; };
		84E4D8BB16ACEEC5008568D0 /* AFNetworkActivityIndicatorManager.m */ = {isa = PBXFileReference; fileEncoding = 4; lastKnownFileType = sourcecode.c.objc; path = AFNetworkActivityIndicatorManager.m; sourceTree = "<group>"; };
		84E4D8BC16ACEEC5008568D0 /* AFNetworking.h */ = {isa = PBXFileReference; fileEncoding = 4; lastKnownFileType = sourcecode.c.h; path = AFNetworking.h; sourceTree = "<group>"; };
		84E4D8BD16ACEEC5008568D0 /* AFPropertyListRequestOperation.h */ = {isa = PBXFileReference; fileEncoding = 4; lastKnownFileType = sourcecode.c.h; path = AFPropertyListRequestOperation.h; sourceTree = "<group>"; };
		84E4D8BE16ACEEC5008568D0 /* AFPropertyListRequestOperation.m */ = {isa = PBXFileReference; fileEncoding = 4; lastKnownFileType = sourcecode.c.objc; path = AFPropertyListRequestOperation.m; sourceTree = "<group>"; };
		84E4D8BF16ACEEC5008568D0 /* AFURLConnectionOperation.h */ = {isa = PBXFileReference; fileEncoding = 4; lastKnownFileType = sourcecode.c.h; path = AFURLConnectionOperation.h; sourceTree = "<group>"; };
		84E4D8C016ACEEC5008568D0 /* AFURLConnectionOperation.m */ = {isa = PBXFileReference; fileEncoding = 4; lastKnownFileType = sourcecode.c.objc; path = AFURLConnectionOperation.m; sourceTree = "<group>"; };
		84E4D8C116ACEEC5008568D0 /* AFXMLRequestOperation.h */ = {isa = PBXFileReference; fileEncoding = 4; lastKnownFileType = sourcecode.c.h; path = AFXMLRequestOperation.h; sourceTree = "<group>"; };
		84E4D8C216ACEEC5008568D0 /* AFXMLRequestOperation.m */ = {isa = PBXFileReference; fileEncoding = 4; lastKnownFileType = sourcecode.c.objc; path = AFXMLRequestOperation.m; sourceTree = "<group>"; };
		84E4D8C316ACEEC5008568D0 /* UIImageView+AFNetworking.h */ = {isa = PBXFileReference; fileEncoding = 4; lastKnownFileType = sourcecode.c.h; path = "UIImageView+AFNetworking.h"; sourceTree = "<group>"; };
		84E4D8C416ACEEC5008568D0 /* UIImageView+AFNetworking.m */ = {isa = PBXFileReference; fileEncoding = 4; lastKnownFileType = sourcecode.c.objc; path = "UIImageView+AFNetworking.m"; sourceTree = "<group>"; };
		84E4D8CF16ACEEE0008568D0 /* JSONKit.h */ = {isa = PBXFileReference; fileEncoding = 4; lastKnownFileType = sourcecode.c.h; path = JSONKit.h; sourceTree = "<group>"; };
		84E4D8D016ACEEE0008568D0 /* JSONKit.m */ = {isa = PBXFileReference; fileEncoding = 4; lastKnownFileType = sourcecode.c.objc; path = JSONKit.m; sourceTree = "<group>"; };
		84E4D8D216ACF103008568D0 /* MAConstant.h */ = {isa = PBXFileReference; fileEncoding = 4; lastKnownFileType = sourcecode.c.h; path = MAConstant.h; sourceTree = "<group>"; };
		84E4D8D316ACF103008568D0 /* MAConstant.m */ = {isa = PBXFileReference; fileEncoding = 4; lastKnownFileType = sourcecode.c.objc; path = MAConstant.m; sourceTree = "<group>"; };
		84E4D8D516ACF369008568D0 /* AMDownloader.h */ = {isa = PBXFileReference; fileEncoding = 4; lastKnownFileType = sourcecode.c.h; path = AMDownloader.h; sourceTree = "<group>"; };
		84E4D8D616ACF369008568D0 /* AMDownloader.m */ = {isa = PBXFileReference; fileEncoding = 4; lastKnownFileType = sourcecode.c.objc; path = AMDownloader.m; sourceTree = "<group>"; };
		84E4D8D816ACF4AF008568D0 /* MAPerson.h */ = {isa = PBXFileReference; fileEncoding = 4; lastKnownFileType = sourcecode.c.h; path = MAPerson.h; sourceTree = "<group>"; };
		84E4D8D916ACF4AF008568D0 /* MAPerson.m */ = {isa = PBXFileReference; fileEncoding = 4; lastKnownFileType = sourcecode.c.objc; path = MAPerson.m; sourceTree = "<group>"; };
		84E4D8E516ACFA69008568D0 /* MAEntry.h */ = {isa = PBXFileReference; fileEncoding = 4; lastKnownFileType = sourcecode.c.h; path = MAEntry.h; sourceTree = "<group>"; };
		84E4D8E616ACFA69008568D0 /* MAEntry.m */ = {isa = PBXFileReference; fileEncoding = 4; lastKnownFileType = sourcecode.c.objc; path = MAEntry.m; sourceTree = "<group>"; };
		84E64B0016AF81EB00AC0487 /* MACustomTabBarItem.h */ = {isa = PBXFileReference; fileEncoding = 4; lastKnownFileType = sourcecode.c.h; path = MACustomTabBarItem.h; sourceTree = "<group>"; };
		84E64B0116AF81EB00AC0487 /* MACustomTabBarItem.m */ = {isa = PBXFileReference; fileEncoding = 4; lastKnownFileType = sourcecode.c.objc; path = MACustomTabBarItem.m; sourceTree = "<group>"; };
/* End PBXFileReference section */

/* Begin PBXFrameworksBuildPhase section */
		84E4D88016ACEDA0008568D0 /* Frameworks */ = {
			isa = PBXFrameworksBuildPhase;
			buildActionMask = 2147483647;
			files = (
				846B78BB16B26A4D0021AAA2 /* AddressBook.framework in Frameworks */,
				843E01BF16B2418F00287441 /* MessageUI.framework in Frameworks */,
				84DE9EAE16AE8BF4006C1D57 /* QuartzCore.framework in Frameworks */,
				84E4D88816ACEDA0008568D0 /* UIKit.framework in Frameworks */,
				84E4D88A16ACEDA0008568D0 /* Foundation.framework in Frameworks */,
				84E4D88C16ACEDA0008568D0 /* CoreGraphics.framework in Frameworks */,
			);
			runOnlyForDeploymentPostprocessing = 0;
		};
/* End PBXFrameworksBuildPhase section */

/* Begin PBXGroup section */
		84248ED716B115D600169EF2 /* Images */ = {
			isa = PBXGroup;
			children = (
				843BE9B716B14A79004D657A /* icon_like.png */,
				843BE9B816B14A79004D657A /* icon_like@2x.png */,
				843BE9B316B14A1B004D657A /* icon_sms.png */,
				843BE9B416B14A1B004D657A /* icon_sms@2x.png */,
				843BE9AE16B14A0B004D657A /* icon_profile.png */,
				843BE9AF16B14A0B004D657A /* icon_profile@2x.png */,
				84248EDC16B11F5A00169EF2 /* icon_dislike.png */,
				84248EDD16B11F5A00169EF2 /* icon_dislike@2x.png */,
				84248EDE16B11F5B00169EF2 /* icon_email.png */,
				84248EDF16B11F5B00169EF2 /* icon_email@2x.png */,
				84248EDA16B11AF800169EF2 /* icon_add_contact@2x.png */,
				84248ED816B11AF200169EF2 /* icon_add_contact.png */,
				8461062E16AE91D50092FE79 /* icon_info_selected@2x.png */,
				84DE9E9D16AE82C1006C1D57 /* love.png */,
				844849EE16AE303A00CE40FC /* middle_button.png */,
				844849EF16AE303A00CE40FC /* middle_button@2x.png */,
				848ACD0916AE2818003C7993 /* icon_contacts.png */,
				848ACD0A16AE2818003C7993 /* icon_contacts@2x.png */,
				848ACD0B16AE2818003C7993 /* icon_info.png */,
				848ACD0C16AE2818003C7993 /* icon_info@2x.png */,
				845979BB16AD4BC200791371 /* images 2.jpeg */,
				845979B516AD44BB00791371 /* tabbar-bg.png */,
				8459799516AD338300791371 /* customNavigation.png */,
				84248ECE16B0EE1600169EF2 /* icon_back.png */,
				84248ECF16B0EE1600169EF2 /* icon_back@2x.png */,
				8461062B16AE91D50092FE79 /* icon_contacts_selected.png */,
				8461062C16AE91D50092FE79 /* icon_contacts_selected@2x.png */,
				8461062D16AE91D50092FE79 /* icon_info_selected.png */,
			);
			name = Images;
			sourceTree = "<group>";
		};
		84DE9EA416AE89A0006C1D57 /* SVPullToRefresh */ = {
			isa = PBXGroup;
			children = (
				84DE9EA516AE89D5006C1D57 /* SVPullToRefresh.h */,
				84DE9EA616AE89D5006C1D57 /* UIScrollView+SVInfiniteScrolling.h */,
				84DE9EA716AE89D5006C1D57 /* UIScrollView+SVInfiniteScrolling.m */,
				84DE9EA816AE89D5006C1D57 /* UIScrollView+SVPullToRefresh.h */,
				84DE9EA916AE89D5006C1D57 /* UIScrollView+SVPullToRefresh.m */,
			);
			name = SVPullToRefresh;
			sourceTree = "<group>";
		};
		84E4D87816ACEDA0008568D0 = {
			isa = PBXGroup;
			children = (
				846B78BA16B26A4D0021AAA2 /* AddressBook.framework */,
				843E01BE16B2418F00287441 /* MessageUI.framework */,
				84DE9EAD16AE8BF3006C1D57 /* QuartzCore.framework */,
				84E4D88D16ACEDA0008568D0 /* MiniApp */,
				84E4D88616ACEDA0008568D0 /* Frameworks */,
				84E4D88416ACEDA0008568D0 /* Products */,
			);
			sourceTree = "<group>";
		};
		84E4D88416ACEDA0008568D0 /* Products */ = {
			isa = PBXGroup;
			children = (
				84E4D88316ACEDA0008568D0 /* MiniApp.app */,
			);
			name = Products;
			sourceTree = "<group>";
		};
		84E4D88616ACEDA0008568D0 /* Frameworks */ = {
			isa = PBXGroup;
			children = (
				84E4D88716ACEDA0008568D0 /* UIKit.framework */,
				84E4D88916ACEDA0008568D0 /* Foundation.framework */,
				84E4D88B16ACEDA0008568D0 /* CoreGraphics.framework */,
			);
			name = Frameworks;
			sourceTree = "<group>";
		};
		84E4D88D16ACEDA0008568D0 /* MiniApp */ = {
			isa = PBXGroup;
			children = (
				84E4D8B016ACEE01008568D0 /* Models */,
				84E4D8AF16ACEDFB008568D0 /* Controllers */,
				84E4D8AE16ACEDF5008568D0 /* Vendors */,
				84E4D8AD16ACEDE7008568D0 /* Views */,
				84E4D88E16ACEDA0008568D0 /* Supporting Files */,
			);
			path = MiniApp;
			sourceTree = "<group>";
		};
		84E4D88E16ACEDA0008568D0 /* Supporting Files */ = {
			isa = PBXGroup;
			children = (
				84248ED716B115D600169EF2 /* Images */,
				84E4D8D216ACF103008568D0 /* MAConstant.h */,
				84E4D8D316ACF103008568D0 /* MAConstant.m */,
				84E4D88F16ACEDA0008568D0 /* MiniApp-Info.plist */,
				84E4D89016ACEDA0008568D0 /* InfoPlist.strings */,
				84E4D89316ACEDA0008568D0 /* main.m */,
				84E4D89516ACEDA0008568D0 /* MiniApp-Prefix.pch */,
				84E4D89916ACEDA0008568D0 /* Default.png */,
				84E4D89B16ACEDA0008568D0 /* Default@2x.png */,
				84E4D89D16ACEDA0008568D0 /* Default-568h@2x.png */,
			);
			name = "Supporting Files";
			sourceTree = "<group>";
		};
		84E4D8AD16ACEDE7008568D0 /* Views */ = {
			isa = PBXGroup;
			children = (
				84B5473916AD146900CAF94E /* MAStaffsTableViewCell.h */,
				84B5473A16AD146900CAF94E /* MAStaffsTableViewCell.m */,
				84E4D89F16ACEDA0008568D0 /* MainStoryboard_iPhone.storyboard */,
				84E4D8A216ACEDA0008568D0 /* MainStoryboard_iPad.storyboard */,
				84E4D89616ACEDA0008568D0 /* MAAppDelegate.h */,
				84E4D89716ACEDA0008568D0 /* MAAppDelegate.m */,
				845979B216AD433300791371 /* MACustomTabBar.h */,
				845979B316AD433400791371 /* MACustomTabBar.m */,
				84484A0616AE4BC100CE40FC /* MACustomNavigationBar.h */,
				84484A0716AE4BC100CE40FC /* MACustomNavigationBar.m */,
				84E64B0016AF81EB00AC0487 /* MACustomTabBarItem.h */,
				84E64B0116AF81EB00AC0487 /* MACustomTabBarItem.m */,
				84248EE416B124D800169EF2 /* MAStaffDetailsCell.h */,
				84248EE516B124D800169EF2 /* MAStaffDetailsCell.m */,
			);
			name = Views;
			sourceTree = "<group>";
		};
		84E4D8AE16ACEDF5008568D0 /* Vendors */ = {
			isa = PBXGroup;
			children = (
				84DE9EA416AE89A0006C1D57 /* SVPullToRefresh */,
				84E4D8CE16ACEECA008568D0 /* JSONKit */,
				84E4D8B116ACEEAB008568D0 /* AFNetworking */,
			);
			name = Vendors;
			sourceTree = "<group>";
		};
		84E4D8AF16ACEDFB008568D0 /* Controllers */ = {
			isa = PBXGroup;
			children = (
				844849FD16AE321900CE40FC /* MACustomTabBarViewController.h */,
				844849FE16AE321900CE40FC /* MACustomTabBarViewController.m */,
				84B5474216AD26FE00CAF94E /* MAStaffsViewController.h */,
				84B5474316AD26FF00CAF94E /* MAStaffsViewController.m */,
				845979A416AD3BB900791371 /* MAWebViewController.h */,
				845979A516AD3BB900791371 /* MAWebViewController.m */,
				84484A0316AE4B1700CE40FC /* MACustomNavigationViewController.h */,
				84484A0416AE4B1700CE40FC /* MACustomNavigationViewController.m */,
				84889D4916AF9F4800857C44 /* MAStaffDetailsViewController.h */,
				84889D4A16AF9F4800857C44 /* MAStaffDetailsViewController.m */,
			);
			name = Controllers;
			sourceTree = "<group>";
		};
		84E4D8B016ACEE01008568D0 /* Models */ = {
			isa = PBXGroup;
			children = (
				84E4D8D516ACF369008568D0 /* AMDownloader.h */,
				84E4D8D616ACF369008568D0 /* AMDownloader.m */,
				84E4D8D816ACF4AF008568D0 /* MAPerson.h */,
				84E4D8D916ACF4AF008568D0 /* MAPerson.m */,
				84E4D8E516ACFA69008568D0 /* MAEntry.h */,
				84E4D8E616ACFA69008568D0 /* MAEntry.m */,
			);
			name = Models;
			sourceTree = "<group>";
		};
		84E4D8B116ACEEAB008568D0 /* AFNetworking */ = {
			isa = PBXGroup;
			children = (
				84E4D8B216ACEEC5008568D0 /* AFHTTPClient.h */,
				84E4D8B316ACEEC5008568D0 /* AFHTTPClient.m */,
				84E4D8B416ACEEC5008568D0 /* AFHTTPRequestOperation.h */,
				84E4D8B516ACEEC5008568D0 /* AFHTTPRequestOperation.m */,
				84E4D8B616ACEEC5008568D0 /* AFImageRequestOperation.h */,
				84E4D8B716ACEEC5008568D0 /* AFImageRequestOperation.m */,
				84E4D8B816ACEEC5008568D0 /* AFJSONRequestOperation.h */,
				84E4D8B916ACEEC5008568D0 /* AFJSONRequestOperation.m */,
				84E4D8BA16ACEEC5008568D0 /* AFNetworkActivityIndicatorManager.h */,
				84E4D8BB16ACEEC5008568D0 /* AFNetworkActivityIndicatorManager.m */,
				84E4D8BC16ACEEC5008568D0 /* AFNetworking.h */,
				84E4D8BD16ACEEC5008568D0 /* AFPropertyListRequestOperation.h */,
				84E4D8BE16ACEEC5008568D0 /* AFPropertyListRequestOperation.m */,
				84E4D8BF16ACEEC5008568D0 /* AFURLConnectionOperation.h */,
				84E4D8C016ACEEC5008568D0 /* AFURLConnectionOperation.m */,
				84E4D8C116ACEEC5008568D0 /* AFXMLRequestOperation.h */,
				84E4D8C216ACEEC5008568D0 /* AFXMLRequestOperation.m */,
				84E4D8C316ACEEC5008568D0 /* UIImageView+AFNetworking.h */,
				84E4D8C416ACEEC5008568D0 /* UIImageView+AFNetworking.m */,
			);
			name = AFNetworking;
			sourceTree = "<group>";
		};
		84E4D8CE16ACEECA008568D0 /* JSONKit */ = {
			isa = PBXGroup;
			children = (
				84E4D8CF16ACEEE0008568D0 /* JSONKit.h */,
				84E4D8D016ACEEE0008568D0 /* JSONKit.m */,
			);
			name = JSONKit;
			sourceTree = "<group>";
		};
/* End PBXGroup section */

/* Begin PBXNativeTarget section */
		84E4D88216ACEDA0008568D0 /* MiniApp */ = {
			isa = PBXNativeTarget;
			buildConfigurationList = 84E4D8AA16ACEDA0008568D0 /* Build configuration list for PBXNativeTarget "MiniApp" */;
			buildPhases = (
				84E4D87F16ACEDA0008568D0 /* Sources */,
				84E4D88016ACEDA0008568D0 /* Frameworks */,
				84E4D88116ACEDA0008568D0 /* Resources */,
			);
			buildRules = (
			);
			dependencies = (
			);
			name = MiniApp;
			productName = MiniApp;
			productReference = 84E4D88316ACEDA0008568D0 /* MiniApp.app */;
			productType = "com.apple.product-type.application";
		};
/* End PBXNativeTarget section */

/* Begin PBXProject section */
		84E4D87A16ACEDA0008568D0 /* Project object */ = {
			isa = PBXProject;
			attributes = {
				CLASSPREFIX = MA;
				LastUpgradeCheck = 0450;
				ORGANIZATIONNAME = "Hoang Trieu Khang";
			};
			buildConfigurationList = 84E4D87D16ACEDA0008568D0 /* Build configuration list for PBXProject "MiniApp" */;
			compatibilityVersion = "Xcode 3.2";
			developmentRegion = English;
			hasScannedForEncodings = 0;
			knownRegions = (
				en,
			);
			mainGroup = 84E4D87816ACEDA0008568D0;
			productRefGroup = 84E4D88416ACEDA0008568D0 /* Products */;
			projectDirPath = "";
			projectRoot = "";
			targets = (
				84E4D88216ACEDA0008568D0 /* MiniApp */,
			);
		};
/* End PBXProject section */

/* Begin PBXResourcesBuildPhase section */
		84E4D88116ACEDA0008568D0 /* Resources */ = {
			isa = PBXResourcesBuildPhase;
			buildActionMask = 2147483647;
			files = (
				84E4D89216ACEDA0008568D0 /* InfoPlist.strings in Resources */,
				84E4D89A16ACEDA0008568D0 /* Default.png in Resources */,
				84E4D89C16ACEDA0008568D0 /* Default@2x.png in Resources */,
				84E4D89E16ACEDA0008568D0 /* Default-568h@2x.png in Resources */,
				84E4D8A116ACEDA0008568D0 /* MainStoryboard_iPhone.storyboard in Resources */,
				84E4D8A416ACEDA0008568D0 /* MainStoryboard_iPad.storyboard in Resources */,
				8459799616AD338300791371 /* customNavigation.png in Resources */,
				845979B616AD44BB00791371 /* tabbar-bg.png in Resources */,
				845979BC16AD4BC200791371 /* images 2.jpeg in Resources */,
				848ACD0D16AE2818003C7993 /* icon_contacts.png in Resources */,
				848ACD0E16AE2818003C7993 /* icon_contacts@2x.png in Resources */,
				848ACD0F16AE2818003C7993 /* icon_info.png in Resources */,
				848ACD1016AE2818003C7993 /* icon_info@2x.png in Resources */,
				844849F016AE303A00CE40FC /* middle_button.png in Resources */,
				844849F116AE303A00CE40FC /* middle_button@2x.png in Resources */,
				84DE9E9E16AE82C1006C1D57 /* love.png in Resources */,
				8461062F16AE91D50092FE79 /* icon_contacts_selected.png in Resources */,
				8461063016AE91D50092FE79 /* icon_contacts_selected@2x.png in Resources */,
				8461063116AE91D50092FE79 /* icon_info_selected.png in Resources */,
				8461063216AE91D50092FE79 /* icon_info_selected@2x.png in Resources */,
				84248ED016B0EE1600169EF2 /* icon_back.png in Resources */,
				84248ED116B0EE1600169EF2 /* icon_back@2x.png in Resources */,
				84248ED916B11AF200169EF2 /* icon_add_contact.png in Resources */,
				84248EDB16B11AF800169EF2 /* icon_add_contact@2x.png in Resources */,
				84248EE016B11F5C00169EF2 /* icon_dislike.png in Resources */,
				84248EE116B11F5C00169EF2 /* icon_dislike@2x.png in Resources */,
				84248EE216B11F5C00169EF2 /* icon_email.png in Resources */,
				84248EE316B11F5C00169EF2 /* icon_email@2x.png in Resources */,
				843BE9B016B14A0B004D657A /* icon_profile.png in Resources */,
				843BE9B116B14A0B004D657A /* icon_profile@2x.png in Resources */,
				843BE9B516B14A1B004D657A /* icon_sms.png in Resources */,
				843BE9B616B14A1B004D657A /* icon_sms@2x.png in Resources */,
				843BE9B916B14A79004D657A /* icon_like.png in Resources */,
				843BE9BA16B14A79004D657A /* icon_like@2x.png in Resources */,
			);
			runOnlyForDeploymentPostprocessing = 0;
		};
/* End PBXResourcesBuildPhase section */

/* Begin PBXSourcesBuildPhase section */
		84E4D87F16ACEDA0008568D0 /* Sources */ = {
			isa = PBXSourcesBuildPhase;
			buildActionMask = 2147483647;
			files = (
				84E4D89416ACEDA0008568D0 /* main.m in Sources */,
				84E4D89816ACEDA0008568D0 /* MAAppDelegate.m in Sources */,
				84E4D8C516ACEEC5008568D0 /* AFHTTPClient.m in Sources */,
				84E4D8C616ACEEC5008568D0 /* AFHTTPRequestOperation.m in Sources */,
				84E4D8C716ACEEC5008568D0 /* AFImageRequestOperation.m in Sources */,
				84E4D8C816ACEEC5008568D0 /* AFJSONRequestOperation.m in Sources */,
				84E4D8C916ACEEC5008568D0 /* AFNetworkActivityIndicatorManager.m in Sources */,
				84E4D8CA16ACEEC5008568D0 /* AFPropertyListRequestOperation.m in Sources */,
				84E4D8CB16ACEEC5008568D0 /* AFURLConnectionOperation.m in Sources */,
				84E4D8CC16ACEEC5008568D0 /* AFXMLRequestOperation.m in Sources */,
				84E4D8CD16ACEEC5008568D0 /* UIImageView+AFNetworking.m in Sources */,
				84E4D8D116ACEEE0008568D0 /* JSONKit.m in Sources */,
				84E4D8D416ACF103008568D0 /* MAConstant.m in Sources */,
				84E4D8D716ACF369008568D0 /* AMDownloader.m in Sources */,
				84E4D8DA16ACF4AF008568D0 /* MAPerson.m in Sources */,
				84E4D8E716ACFA69008568D0 /* MAEntry.m in Sources */,
				84B5473B16AD146900CAF94E /* MAStaffsTableViewCell.m in Sources */,
				84B5474416AD26FF00CAF94E /* MAStaffsViewController.m in Sources */,
				845979A616AD3BB900791371 /* MAWebViewController.m in Sources */,
				845979B416AD433400791371 /* MACustomTabBar.m in Sources */,
				844849FF16AE321900CE40FC /* MACustomTabBarViewController.m in Sources */,
				84484A0516AE4B1700CE40FC /* MACustomNavigationViewController.m in Sources */,
				84484A0816AE4BC100CE40FC /* MACustomNavigationBar.m in Sources */,
				84DE9EAA16AE89D5006C1D57 /* UIScrollView+SVInfiniteScrolling.m in Sources */,
				84DE9EAB16AE89D5006C1D57 /* UIScrollView+SVPullToRefresh.m in Sources */,
				84E64B0216AF81EB00AC0487 /* MACustomTabBarItem.m in Sources */,
				84889D4B16AF9F4800857C44 /* MAStaffDetailsViewController.m in Sources */,
				84248EE616B124D900169EF2 /* MAStaffDetailsCell.m in Sources */,
			);
			runOnlyForDeploymentPostprocessing = 0;
		};
/* End PBXSourcesBuildPhase section */

/* Begin PBXVariantGroup section */
		84E4D89016ACEDA0008568D0 /* InfoPlist.strings */ = {
			isa = PBXVariantGroup;
			children = (
				84E4D89116ACEDA0008568D0 /* en */,
			);
			name = InfoPlist.strings;
			sourceTree = "<group>";
		};
		84E4D89F16ACEDA0008568D0 /* MainStoryboard_iPhone.storyboard */ = {
			isa = PBXVariantGroup;
			children = (
				84E4D8A016ACEDA0008568D0 /* en */,
			);
			name = MainStoryboard_iPhone.storyboard;
			sourceTree = "<group>";
		};
		84E4D8A216ACEDA0008568D0 /* MainStoryboard_iPad.storyboard */ = {
			isa = PBXVariantGroup;
			children = (
				84E4D8A316ACEDA0008568D0 /* en */,
			);
			name = MainStoryboard_iPad.storyboard;
			sourceTree = "<group>";
		};
/* End PBXVariantGroup section */

/* Begin XCBuildConfiguration section */
		84E4D8A816ACEDA0008568D0 /* Debug */ = {
			isa = XCBuildConfiguration;
			buildSettings = {
				ALWAYS_SEARCH_USER_PATHS = NO;
				CLANG_CXX_LANGUAGE_STANDARD = "gnu++0x";
				CLANG_CXX_LIBRARY = "libc++";
				CLANG_ENABLE_OBJC_ARC = YES;
				CLANG_WARN_EMPTY_BODY = YES;
				CLANG_WARN__DUPLICATE_METHOD_MATCH = YES;
				"CODE_SIGN_IDENTITY[sdk=iphoneos*]" = "iPhone Developer";
				COPY_PHASE_STRIP = NO;
				GCC_C_LANGUAGE_STANDARD = gnu99;
				GCC_DYNAMIC_NO_PIC = NO;
				GCC_OPTIMIZATION_LEVEL = 0;
				GCC_PREPROCESSOR_DEFINITIONS = (
					"DEBUG=1",
					"$(inherited)",
				);
				GCC_SYMBOLS_PRIVATE_EXTERN = NO;
				GCC_WARN_ABOUT_RETURN_TYPE = YES;
				GCC_WARN_UNINITIALIZED_AUTOS = YES;
				GCC_WARN_UNUSED_VARIABLE = YES;
				IPHONEOS_DEPLOYMENT_TARGET = 6.0;
				ONLY_ACTIVE_ARCH = YES;
				SDKROOT = iphoneos;
				TARGETED_DEVICE_FAMILY = "1,2";
			};
			name = Debug;
		};
		84E4D8A916ACEDA0008568D0 /* Release */ = {
			isa = XCBuildConfiguration;
			buildSettings = {
				ALWAYS_SEARCH_USER_PATHS = NO;
				CLANG_CXX_LANGUAGE_STANDARD = "gnu++0x";
				CLANG_CXX_LIBRARY = "libc++";
				CLANG_ENABLE_OBJC_ARC = YES;
				CLANG_WARN_EMPTY_BODY = YES;
				CLANG_WARN__DUPLICATE_METHOD_MATCH = YES;
				"CODE_SIGN_IDENTITY[sdk=iphoneos*]" = "iPhone Developer";
				COPY_PHASE_STRIP = YES;
				GCC_C_LANGUAGE_STANDARD = gnu99;
				GCC_WARN_ABOUT_RETURN_TYPE = YES;
				GCC_WARN_UNINITIALIZED_AUTOS = YES;
				GCC_WARN_UNUSED_VARIABLE = YES;
				IPHONEOS_DEPLOYMENT_TARGET = 6.0;
				OTHER_CFLAGS = "-DNS_BLOCK_ASSERTIONS=1";
				SDKROOT = iphoneos;
				TARGETED_DEVICE_FAMILY = "1,2";
				VALIDATE_PRODUCT = YES;
			};
			name = Release;
		};
		84E4D8AB16ACEDA0008568D0 /* Debug */ = {
			isa = XCBuildConfiguration;
			buildSettings = {
				GCC_PRECOMPILE_PREFIX_HEADER = YES;
				GCC_PREFIX_HEADER = "MiniApp/MiniApp-Prefix.pch";
				INFOPLIST_FILE = "MiniApp/MiniApp-Info.plist";
				PRODUCT_NAME = "$(TARGET_NAME)";
				WRAPPER_EXTENSION = app;
			};
			name = Debug;
		};
		84E4D8AC16ACEDA0008568D0 /* Release */ = {
			isa = XCBuildConfiguration;
			buildSettings = {
				GCC_PRECOMPILE_PREFIX_HEADER = YES;
				GCC_PREFIX_HEADER = "MiniApp/MiniApp-Prefix.pch";
				INFOPLIST_FILE = "MiniApp/MiniApp-Info.plist";
				PRODUCT_NAME = "$(TARGET_NAME)";
				WRAPPER_EXTENSION = app;
			};
			name = Release;
		};
/* End XCBuildConfiguration section */

/* Begin XCConfigurationList section */
		84E4D87D16ACEDA0008568D0 /* Build configuration list for PBXProject "MiniApp" */ = {
			isa = XCConfigurationList;
			buildConfigurations = (
				84E4D8A816ACEDA0008568D0 /* Debug */,
				84E4D8A916ACEDA0008568D0 /* Release */,
			);
			defaultConfigurationIsVisible = 0;
			defaultConfigurationName = Release;
		};
		84E4D8AA16ACEDA0008568D0 /* Build configuration list for PBXNativeTarget "MiniApp" */ = {
			isa = XCConfigurationList;
			buildConfigurations = (
				84E4D8AB16ACEDA0008568D0 /* Debug */,
				84E4D8AC16ACEDA0008568D0 /* Release */,
			);
			defaultConfigurationIsVisible = 0;
			defaultConfigurationName = Release;
		};
/* End XCConfigurationList section */
	};
	rootObject = 84E4D87A16ACEDA0008568D0 /* Project object */;
}
